lockfileVersion: '9.0'

settings:
  autoInstallPeers: true
  excludeLinksFromLockfile: false

importers:

  .:
    dependencies:
      '@ai-sdk/anthropic':
        specifier: 4.0.22
        version: 4.0.22(zod@4.4.3)
      '@e2b/eve-sandbox':
        specifier: ^0.1.1
        version: 0.1.1(ai@7.0.52(zod@4.4.3))(eve@0.30.8(ai@7.0.52(zod@4.4.3))(lru-cache@11.5.2))
      ai:
        specifier: ^7.0.38
        version: 7.0.52(zod@4.4.3)
      e2b:
        specifier: ^2.36.1
        version: 2.38.0
      eve:
        specifier: ^0.30.6
        version: 0.30.8(ai@7.0.52(zod@4.4.3))(lru-cache@11.5.2)
      nanoid:
        specifier: 5.1.11
        version: 5.1.11
      zod:
        specifier: 4.4.3
        version: 4.4.3
    devDependencies:
      '@types/node':
        specifier: ~26.1.2
        version: 26.1.2
      typescript:
        specifier: 6.0.3
        version: 6.0.3

packages:

  '@ai-sdk/anthropic@4.0.22':
    resolution: {integrity: sha512-r9NNBCXbPe1zodI1wAYjV/U8QBOGiETcFzNg5eIDXrQv3uuTBXBNhRZVGjU7QYsDIFl97AzHjt8DTWVZur2b5Q==}
    engines: {node: '>=22'}
    peerDependencies:
      zod: ^3.25.76 || ^4.1.8

  '@ai-sdk/gateway@4.0.41':
    resolution: {integrity: sha512-DPkDmmA336kqmIp62on550/6Q6JHvldsnvN1SmkwU8QGrVt1PzFxqyKUn0C5EGGmSBpvF1ohZNtvWNl8gEVugA==}
    engines: {node: '>=22'}
    peerDependencies:
      zod: ^3.25.76 || ^4.1.8

  '@ai-sdk/provider-utils@5.0.13':
    resolution: {integrity: sha512-fScDJMDnTbx32kLDQqp0MvPjvwkgiwvlBxlmIg7XW5PbS91LG6JjH3PQG+34oMFglqfpQA355e24OdGj5PPoDw==}
    engines: {node: '>=22'}
    peerDependencies:
      zod: ^3.25.76 || ^4.1.8

  '@ai-sdk/provider-utils@5.0.21':
    resolution: {integrity: sha512-Q4z27c5vqKuXZN65QuF7FVm+uvm3qxEioiQ+8c3s5xXlhbE1Y/SLGBB4BuF+UWia4KaDu2HmNpdR1RGW02/eGg==}
    engines: {node: '>=22'}
    peerDependencies:
      zod: ^3.25.76 || ^4.1.8

  '@ai-sdk/provider@4.0.4':
    resolution: {integrity: sha512-tbHKNLirllUNF3ZlkCsXnwab2ZV1Sl4b1H/Cp9ruCce15IBmskE8Gwkk0yo9xDWY+jho2of7lVXtwSsyrq7cwQ==}
    engines: {node: '>=22'}

  '@ai-sdk/provider@4.0.5':
    resolution: {integrity: sha512-9WAerTaPU2jcVi8dh8x27tySEuLur1Kfg7Go74GuCmsC/2MDSvrTkrK8ZrXWjryEevKfcPPmO1enveE7eqlzoA==}
    engines: {node: '>=22'}

  '@bufbuild/protobuf@2.13.0':
    resolution: {integrity: sha512-acq7c49vxfm1ggJ95P70TX7ABDM0vxr1SYD3BB0o0jnBLB4OAqeHyKuN+cD3w80gXEDQ2zxHpR6CUeA+O/aU9g==}

  '@connectrpc/connect-web@2.1.2':
    resolution: {integrity: sha512-1tfaK85MU+gJjwwmL31d2rzdf0XCYX99chZf63uG89SGBUd4XuZ4ZzhGo2u79TPXOE6nLIZQ2okrpyey42PYdg==}
    peerDependencies:
      '@bufbuild/protobuf': ^2.7.0
      '@connectrpc/connect': 2.1.2

  '@connectrpc/connect@2.1.2':
    resolution: {integrity: sha512-MXkBijtcX09R10Eb6sFeIetc6w6746eio6xtfuyVOH7oQAacT1X0GzMIQFux6Qy8cq3W/T5qX5Bei8YbFtmRGA==}
    peerDependencies:
      '@bufbuild/protobuf': ^2.7.0

  '@e2b/eve-sandbox@0.1.1':
    resolution: {integrity: sha512-dKclts0rLmrkB7vFRS+cvbNtLlOgjppASHjin+75axOg2wdtt4yfmf1UfRZmzWwUoTRyUSdkzyXTy+qku2Ot/A==}
    engines: {node: '>=22'}
    peerDependencies:
      ai: ^7.0.0
      eve: ^0.27.0

  '@isaacs/fs-minipass@4.0.1':
    resolution: {integrity: sha512-wgm9Ehl2jpeqP3zw/7mo3kRHFp5MEDhqAdwy1fTGkHAwnkGOVsgpvQhL8B5n1qlb01jV3n/bI0ZfZp5lWA1k4w==}
    engines: {node: '>=18.0.0'}

  '@oxc-project/types@0.143.0':
    resolution: {integrity: sha512-u6JZdLBTLotrNC9Vd6vPssINdzcCzleKAH6EJKImQb7GtYvX5keN2dxkoK44stCc4tffE6QQRtZTXVSzsLUlWA==}

  '@rolldown/binding-android-arm64@1.2.3':
    resolution: {integrity: sha512-zrJtHDcaZJ1Fp7xf4hNl+7seH9Cn/N5TwLYkhgXREtBwAd/jaqW3uqeHxpDugJLVICWg4eW44kOQEGJ1r6jCGw==}
    engines: {node: ^20.19.0 || >=22.12.0}
    cpu: [arm64]
    os: [android]

  '@rolldown/binding-darwin-arm64@1.2.3':
    resolution: {integrity: sha512-ieIiibVCp0tX7TLu2cafoNPv8wJyYi01ekXpbf8q2j7F4rGAhhXb/eQh7ge9DRBY78GwmRQtvjZDux7EDbA8kA==}
    engines: {node: ^20.19.0 || >=22.12.0}
    cpu: [arm64]
    os: [darwin]

  '@rolldown/binding-darwin-x64@1.2.3':
    resolution: {integrity: sha512-Zh9tCon19eDXJoihx0rqKhMUlMYqzwj3aPsSuHmI4RWZh62dWUL+DJN4C5YQya5TcQBJU/Fe8+rY0jhXTQITqA==}
    engines: {node: ^20.19.0 || >=22.12.0}
    cpu: [x64]
    os: [darwin]

  '@rolldown/binding-freebsd-x64@1.2.3':
    resolution: {integrity: sha512-nGbJWewA1wrXXZiQhjAT5rhibGfns5ZNkDVqxsO6zJ3f3YvpoDNNmGMSbbhLuXKjNScaBJVOAboztAWVespQMg==}
    engines: {node: ^20.19.0 || >=22.12.0}
    cpu: [x64]
    os: [freebsd]

  '@rolldown/binding-linux-arm-gnueabihf@1.2.3':
    resolution: {integrity: sha512-QNniJr5Kml0kDEB98jiDOJjXNroxIIi0IXIbdYzY26Xt1pVbeP62+KnoIZLwirOymX/0jDk/2gI/bNUv7A7OIw==}
    engines: {node: ^20.19.0 || >=22.12.0}
    cpu: [arm]
    os: [linux]

  '@rolldown/binding-linux-arm64-gnu@1.2.3':
    resolution: {integrity: sha512-TkqEAcmmvH3I/q4114NB4RVt6241Dao48pF45uLcFGrwAaIn0iITgTAKP/dLjbN0R4buJjGb91+UHSoFmpgIWw==}
    engines: {node: ^20.19.0 || >=22.12.0}
    cpu: [arm64]
    os: [linux]
    libc: [glibc]

  '@rolldown/binding-linux-arm64-musl@1.2.3':
    resolution: {integrity: sha512-NHqjnxpsndf4MPymxteFAWHHfkTL8HjWh1KB7z23ofZ6QO2euONuxDXjat69dKZRALnGypg8k8SsK8vZJoXv1Q==}
    engines: {node: ^20.19.0 || >=22.12.0}
    cpu: [arm64]
    os: [linux]
    libc: [musl]

  '@rolldown/binding-linux-ppc64-gnu@1.2.3':
    resolution: {integrity: sha512-6tbrbwfz5GB9DQ4Jwo6hy9v+vR31xZlvzZ6n5Xut6Hhx5PvrA9q/HsK8KMaYQp063iqZGXwNvZtYNLD7EM/x0w==}
    engines: {node: ^20.19.0 || >=22.12.0}
    cpu: [ppc64]
    os: [linux]
    libc: [glibc]

  '@rolldown/binding-linux-s390x-gnu@1.2.3':
    resolution: {integrity: sha512-oyuXxXmoZHjXC917IAPFAAv4wWAa0cM9afk8nx1+9/jNNOX1uPf8yDA6p7G0RypOfw/X0PQt5IfoquY1um+zSg==}
    engines: {node: ^20.19.0 || >=22.12.0}
    cpu: [s390x]
    os: [linux]
    libc: [glibc]

  '@rolldown/binding-linux-x64-gnu@1.2.3':
    resolution: {integrity: sha512-TytMwF2KVGqP2tgd0I1OY0PAv78dZRAYcF5ssDzjM34SUXCED3uXvSd5+lHoC0bTD6eEdFz7LdQNCO1y0oVk9w==}
    engines: {node: ^20.19.0 || >=22.12.0}
    cpu: [x64]
    os: [linux]
    libc: [glibc]

  '@rolldown/binding-linux-x64-musl@1.2.3':
    resolution: {integrity: sha512-/E9m3qstrJFVPoULV25mVQblSNExY2+kBsYe4sy0Tn0yOOgJ8wZbZt3KnRbF/XeU2Gl1STKUQnDNTqhIE5MD4A==}
    engines: {node: ^20.19.0 || >=22.12.0}
    cpu: [x64]
    os: [linux]
    libc: [musl]

  '@rolldown/binding-openharmony-arm64@1.2.3':
    resolution: {integrity: sha512-Kr0OcsoQI816i6HOl3vFHpd1K0eZyh76zgfj4c1nTyaTsd5r2Mj1lwM4R90y/qaCfmTn9eHy0SKwi98eitRxug==}
    engines: {node: ^20.19.0 || >=22.12.0}
    cpu: [arm64]
    os: [openharmony]

  '@rolldown/binding-win32-arm64-msvc@1.2.3':
    resolution: {integrity: sha512-hOtMwTqnME+/gJcH/PCZ0wn0zPUjiWOgkHpxbSJpfGKMezHltx1S7/k1SitzVa7Ww2cqrDDaFbZEhcJZO8o+Jw==}
    engines: {node: ^20.19.0 || >=22.12.0}
    cpu: [arm64]
    os: [win32]

  '@rolldown/binding-win32-x64-msvc@1.2.3':
    resolution: {integrity: sha512-ekcqMMkI2PlhYnfzQnB/cEdYUVVJViWvoUyLrbzgDoi3Snfc1mVBwdnc306ufA5ejy8JSPjT2RlW1nQSjW7efg==}
    engines: {node: ^20.19.0 || >=22.12.0}
    cpu: [x64]
    os: [win32]

  '@rolldown/pluginutils@1.0.1':
    resolution: {integrity: sha512-2j9bGt5Jh8hj+vPtgzPtl72j0yRxHAyumoo6TNfAjsLB04UtpSvPbPcDcBMxz7n+9CYB0c1GxQFxYRg2jimqGw==}

  '@standard-schema/spec@1.1.0':
    resolution: {integrity: sha512-l2aFy5jALhniG5HgqrD6jXLi/rUWrKvqN/qJx6yoJsgKhblVd+iqqU4RCXavm/jPityDo5TCvKMnpjKnOriy0w==}

  '@types/node@26.1.2':
    resolution: {integrity: sha512-Vu4a5UFA9rIIFJ7rB/Vaafh9lrCQszopTCx6KjFboXTGQbPNasehVR5TEiithSDGyd1DEiUByggTZsg8jukeIg==}

  '@vercel/oidc@3.2.0':
    resolution: {integrity: sha512-UycprH3T6n3jH0k44NHMa7pnFHGu/N05MjojYr+Mc6I7obkoLIJujSWwin1pCvdy/eOxrI/l3uDLQsmcrOb4ug==}
    engines: {node: '>= 20'}

  '@workflow/serde@4.1.0':
    resolution: {integrity: sha512-pav4F2BoirECWR7Nf1TKt+2eETcBj7jj4cBefQ8VXQCA6NPkaKeLfj/zMgi+3zYV5ZIBT4GuUiphsj0/b9hPQQ==}

  ai@7.0.52:
    resolution: {integrity: sha512-sEgRnYA+ddJ1rJSz1uKBjkGbOXhXdon1nvno49fVk3tabnlf8v5SaceLBpPDMtmDuLKQFztc/YbRsoCQoPzKZw==}
    engines: {node: '>=22'}
    peerDependencies:
      zod: ^3.25.76 || ^4.1.8

  balanced-match@4.0.4:
    resolution: {integrity: sha512-BLrgEcRTwX2o6gGxGOCNyMvGSp35YofuYzw9h1IMTRmKqttAZZVU67bdb9Pr2vUHA8+j3i2tJfjO6C6+4myGTA==}
    engines: {node: 18 || 20 || >=22}

  brace-expansion@5.0.9:
    resolution: {integrity: sha512-ScQ4IuvIEF1TMlP7Zt+vjJ//9zlPb2SDcxWxM3bk8s6t6GGdJ7KO1dCcTidOPJKePW30LE/2cT7wCyPho9/Wxg==}
    engines: {node: 20 || >=22}

  chalk@5.6.2:
    resolution: {integrity: sha512-7NzBL0rN6fMUW+f7A6Io4h40qQlG+xGmtMxfbnH/K7TAtt8JQWVQK+6g0UXKMeVJoyV5EkkNsErQ8pVD3bLHbA==}
    engines: {node: ^12.17.0 || ^14.13 || >=16.0.0}

  chownr@3.0.0:
    resolution: {integrity: sha512-+IxzY9BZOQd/XuYPRmrvEVjF/nqj5kgT4kEq7VofrDoM1MxoRjEWkrCC3EtLi59TVawxTAn+orJwFQcrqEN1+g==}
    engines: {node: '>=18'}

  compare-versions@6.1.1:
    resolution: {integrity: sha512-4hm4VPpIecmlg59CHXnRDnqGplJFrbLG4aFEl5vl6cK1u76ws3LLvX7ikFnTDl5vo39sjWD6AaDPYodJp/NNHg==}

  consola@3.4.2:
    resolution: {integrity: sha512-5IKcdX0nnYavi6G7TtOhwkYzyjfJlatbjMjuLSfE2kYT5pMDOilZ4OvMhi637CcDICTmz3wARPoyhqyX1Y+XvA==}
    engines: {node: ^14.18.0 || >=16.10.0}

  crossws@0.4.10:
    resolution: {integrity: sha512-pz3oubH/dt12KjqsUB0IuXW4nwRDQ583iDsP4555Cpdqx0NoU7pGlWBcayyFI8f/l/idRpgjMEfwuOxSWJYlIA==}
    peerDependencies:
      srvx: '>=0.11.5'
    peerDependenciesMeta:
      srvx:
        optional: true

  db0@0.3.4:
    resolution: {integrity: sha512-RiXXi4WaNzPTHEOu8UPQKMooIbqOEyqA1t7Z6MsdxSCeb8iUC9ko3LcmsLmeUt2SM5bctfArZKkRQggKZz7JNw==}
    peerDependencies:
      '@electric-sql/pglite': '*'
      '@libsql/client': '*'
      better-sqlite3: '*'
      drizzle-orm: '*'
      mysql2: '*'
      sqlite3: '*'
    peerDependenciesMeta:
      '@electric-sql/pglite':
        optional: true
      '@libsql/client':
        optional: true
      better-sqlite3:
        optional: true
      drizzle-orm:
        optional: true
      mysql2:
        optional: true
      sqlite3:
        optional: true

  dockerfile-ast@0.7.1:
    resolution: {integrity: sha512-oX/A4I0EhSkGqrFv0YuvPkBUSYp1XiY8O8zAKc8Djglx8ocz+JfOr8gP0ryRMC2myqvDLagmnZaU9ot1vG2ijw==}

  e2b@2.38.0:
    resolution: {integrity: sha512-l+3Quu3nI+BST9VVynFYiFhXowy7SxivyRKyvNAusrOnjgyTVKVGwi59PPntWLPgPSOkqEhWNM4vcLSg7E/s/A==}
    engines: {node: '>=20.18.1 <21 || >=22'}

  env-runner@0.1.16:
    resolution: {integrity: sha512-2LRJM4P2KLX6J83QZZrMqvgCDt/D5ea7wPcI3yYiy5cG/9rX5QwdwZFx0D7ktWnjdRyZxYjttGGorb5nFqb1CA==}
    hasBin: true
    peerDependencies:
      '@netlify/runtime': ^4.1.23
      '@vercel/queue': '>=0.2.0'
      miniflare: ^4.20260515.0
      wrangler: ^4.0.0
    peerDependenciesMeta:
      '@netlify/runtime':
        optional: true
      '@vercel/queue':
        optional: true
      miniflare:
        optional: true
      wrangler:
        optional: true

  eve@0.30.8:
    resolution: {integrity: sha512-ATF9CHJQBNce7+3leWH87w6Cc7TlsNlfpGAENzmkD4d7oBpSI+P7KB3cvtGM75t+9gT+nJ0R+u7u8hF8BJdBiw==}
    engines: {node: '>=24'}
    hasBin: true
    peerDependencies:
      '@opentelemetry/api': ^1.0.0
      ai: ^7.0.38
      braintrust: ^3.0.0
      just-bash: ^3.0.0
      microsandbox: ^0.5.0
    peerDependenciesMeta:
      '@opentelemetry/api':
        optional: true
      braintrust:
        optional: true
      just-bash:
        optional: true
      microsandbox:
        optional: true

  eventsource-parser@3.1.0:
    resolution: {integrity: sha512-kJezFj9YFAMLeORyi7aCLxLbD5/qWMQnoMVlVPyHIll7lgRJCc3JVln9Vgl9nwQi0YkMnhdGTMNn7CkRRAptMg==}
    engines: {node: '>=18.0.0'}

  exsolve@1.1.1:
    resolution: {integrity: sha512-9U/jZUgjnSGyntRr6y5Muu1MJcwFl6kPu7k8qLF0IMNfLqvw0NZ4nnVDq0RVoZ0RvCyumib4Ez3KYrVfilrw+g==}

  glob@13.0.6:
    resolution: {integrity: sha512-Wjlyrolmm8uDpm/ogGyXZXb1Z+Ca2B8NbJwqBVg0axK9GbBeoS7yGV6vjXnYdGm6X53iehEuxxbyiKp8QmN4Vw==}
    engines: {node: 18 || 20 || >=22}

  h3@2.0.1-rc.22:
    resolution: {integrity: sha512-Esv0DMIuPkCTSWCA0vO73vcTqwzH1wjSrAO1TXNu/K3up1sZHa9EKMapbmxCDYBeymC3fVTk4qxp7ogQWQ+KgA==}
    engines: {node: '>=20.11.1'}
    hasBin: true
    peerDependencies:
      crossws: ^0.4.1
    peerDependenciesMeta:
      crossws:
        optional: true

  hookable@6.1.1:
    resolution: {integrity: sha512-U9LYDy1CwhMCnprUfeAZWZGByVbhd54hwepegYTK7Pi5NvqEj63ifz5z+xukznehT7i6NIZRu89Ay1AZmRsLEQ==}

  httpxy@0.5.5:
    resolution: {integrity: sha512-uDjmnPyp1q4Sgzf3w+J/Fc6UqcCEj0x4Wjp7OqK5dGhNeDgpyrAmnS6ey8QWrX3SWDon2DMKf9sBa5X9+CVyMA==}

  json-schema@0.4.0:
    resolution: {integrity: sha512-es94M3nTIfsEPisRafak+HDLfHXnKBhV3vU5eqPcS3flIWqcxJWgXHXiey3YrpaNsanY5ei1VoYEbOzijuq9BA==}

  lru-cache@11.5.2:
    resolution: {integrity: sha512-4pfM1Ff0x50o0tQwb5ucw/RzNyD0/YJME6IVcStalZuMWxdt3sR3huStTtxz4PUmvZfRguvDejasvQ2kifR11g==}
    engines: {node: 20 || >=22}

  minimatch@10.2.6:
    resolution: {integrity: sha512-vpLQEs+VLCr1nU0BXS07maYoFwlDAH0gngQuuttxIwutDFEMHq2blX+8vpgxDdK3J1PwjCJiep77OitTZ4Ll1A==}
    engines: {node: 18 || 20 || >=22}

  minipass@7.1.3:
    resolution: {integrity: sha512-tEBHqDnIoM/1rXME1zgka9g6Q2lcoCkxHLuc7ODJ5BxbP5d4c2Z5cGgtXAku59200Cx7diuHTOYfSBD8n6mm8A==}
    engines: {node: '>=16 || 14 >=14.17'}

  minizlib@3.1.0:
    resolution: {integrity: sha512-KZxYo1BUkWD2TVFLr0MQoM8vUUigWD3LlD83a/75BqC+4qE0Hb1Vo5v1FgcfaNXvfXzr+5EhQ6ing/CaBijTlw==}
    engines: {node: '>= 18'}

  nanoid@5.1.11:
    resolution: {integrity: sha512-v+KEsUv2ps74PaSKv0gHTxTCgMXOIfBEbaqa6w6ISIGC7ZsvHN4N9oJ8d4cmf0n5oTzQz2SLmThbQWhjd/8eKg==}
    engines: {node: ^18 || >=20}
    hasBin: true

  nf3@0.3.23:
    resolution: {integrity: sha512-RWVLAWozmVD3AaDmaU3qMGB3v+yNlH5d9qqStI4e/WLlNQVnJ4YErGDbYCIrGFyrHdbF6I6Baf0Ae6c7tFYmSg==}

  nitro@3.0.260610-beta:
    resolution: {integrity: sha512-KPb4L5yaF/Rx/xoGMpgHRJvZhbhGiqbRKOwwPLCH9jKTKTsEUHLjnJas85AeCzaswqa8Wi52eQBtRsODC4PS0Q==}
    engines: {node: ^20.19.0 || >=22.12.0}
    hasBin: true
    peerDependencies:
      '@vercel/queue': ^0.3.0
      dotenv: '*'
      giget: '*'
      jiti: ^2.7.0
      rollup: ^4.61.1
      vite: ^7 || ^8
      xml2js: ^0.6.2
      zephyr-agent: ^0.2.0
    peerDependenciesMeta:
      '@vercel/queue':
        optional: true
      dotenv:
        optional: true
      giget:
        optional: true
      jiti:
        optional: true
      rollup:
        optional: true
      vite:
        optional: true
      xml2js:
        optional: true
      zephyr-agent:
        optional: true

  ocache@0.1.5:
    resolution: {integrity: sha512-kNNnkkVQup/QDvmTz8Q84wc2ntiyoVHDxa6eHWKt5qdGAmFRBIxy83rxgCYEjW0x06UJ9E3P6VgM2yY4rOBH4w==}

  ofetch@2.0.0-alpha.3:
    resolution: {integrity: sha512-zpYTCs2byOuft65vI3z43Dd6iSdFbOZZLb9/d21aCpx2rGastVU9dOCv0lu4ykc1Ur1anAYjDi3SUvR0vq50JA==}

  ohash@2.0.11:
    resolution: {integrity: sha512-RdR9FQrFwNBNXAr4GixM8YaRZRJ5PUWbKYbE5eOsrwAjJW0q2REGcf79oYPsLyskQCZG1PLN+S/K1V00joZAoQ==}

  openapi-fetch@0.14.1:
    resolution: {integrity: sha512-l7RarRHxlEZYjMLd/PR0slfMVse2/vvIAGm75/F7J6MlQ8/b9uUQmUF2kCPrQhJqMXSxmYWObVgeYXbFYzZR+A==}

  openapi-typescript-helpers@0.0.15:
    resolution: {integrity: sha512-opyTPaunsklCBpTK8JGef6mfPhLSnyy5a0IN9vKtx3+4aExf+KxEqYwIy3hqkedXIB97u357uLMJsOnm3GVjsw==}

  path-scurry@2.0.2:
    resolution: {integrity: sha512-3O/iVVsJAPsOnpwWIeD+d6z/7PmqApyQePUtCndjatj/9I5LylHvt5qluFaBT3I5h3r1ejfR056c+FCv+NnNXg==}
    engines: {node: 18 || 20 || >=22}

  pathe@2.0.3:
    resolution: {integrity: sha512-WUjGcAqP1gQacoQe+OBJsFA7Ld4DyXuUIjZ5cc75cLHvJ7dtNsTugphxIADwspS+AraAUePCKrSVtPLFj/F88w==}

  platform@1.3.6:
    resolution: {integrity: sha512-fnWVljUchTro6RiCFvCXBbNhJc2NijN7oIQxbwsyL0buWJPG85v81ehlHI9fXrJsMNgTofEoWIQeClKpgxFLrg==}

  rolldown@1.2.3:
    resolution: {integrity: sha512-rn9wpmxplLf7NLNyCk9FyWh3FM43DbY8jOzCdEPzH7uflhTftRbCEpqi6Ly2osgoU8OwObtmavMbWLaWy4LX7A==}
    engines: {node: ^20.19.0 || >=22.12.0}
    hasBin: true

  rou3@0.8.1:
    resolution: {integrity: sha512-ePa+XGk00/3HuCqrEnK3LxJW7I0SdNg6EFzKUJG73hMAdDcOUC/i/aSz7LSDwLrGr33kal/rqOGydzwl6U7zBA==}

  srvx@0.11.22:
    resolution: {integrity: sha512-LqZxxBDMKuMAZzFzJnDCkFOrs9MZQZr0LvHiO/SuSZVdQaXD7xQ5UWTUxheJrQPve1qk9MG2B/yttUvJxw8egQ==}
    engines: {node: '>=20.16.0'}
    hasBin: true

  tar@7.5.22:
    resolution: {integrity: sha512-MFO/QzvtAOmJbkhOaCTvbGcFN9L9b+JunIsDwaKljSOdcLMea3NJ1k9Usz/rjdfSXTq4dfzfeS7W4p4YOAAHeA==}
    engines: {node: '>=18'}

  typescript@6.0.3:
    resolution: {integrity: sha512-y2TvuxSZPDyQakkFRPZHKFm+KKVqIisdg9/CZwm9ftvKXLP8NRWj38/ODjNbr43SsoXqNuAisEf1GdCxqWcdBw==}
    engines: {node: '>=14.17'}
    hasBin: true

  undici-types@8.3.0:
    resolution: {integrity: sha512-j375ScV60dom+YkPFIfTLcOiPxkN/buHz5GobjLhixFuANaNs3C9l4GmrWqejgXWJ7BbJcFYpTEUkS1Ge8bpZQ==}

  undici@7.29.0:
    resolution: {integrity: sha512-IDxfleLmmbSskfWSUATiN1nfn2rDuvnMOqb5CWR92iIfojA0Ud+ulOAAEQ57LPr9rWmsreUyf5lwyao+7GNNVw==}
    engines: {node: '>=20.18.1'}

  undici@8.8.0:
    resolution: {integrity: sha512-ubshXMXwF3MQIMF1y/WxZdNBnjEKeSg2wF5mcGUtU55YTw34tnVVpKRlLf7ruDXZ5344KokPVX4RBx1wJm64Bw==}
    engines: {node: '>=22.19.0'}

  undici@8.9.0:
    resolution: {integrity: sha512-aWZpUj7XoGonMClx4gdDRfgBjqeA+F473aDmROQQbM9n6PRfK/u1q/a0X4wMTgcHfT8H6fpbt98PFuDUwFg2YA==}
    engines: {node: '>=22.19.0'}

  unenv@2.0.0-rc.24:
    resolution: {integrity: sha512-i7qRCmY42zmCwnYlh9H2SvLEypEFGye5iRmEMKjcGi7zk9UquigRjFtTLz0TYqr0ZGLZhaMHl/foy1bZR+Cwlw==}

  unstorage@2.0.0-alpha.7:
    resolution: {integrity: sha512-ELPztchk2zgFJnakyodVY3vJWGW9jy//keJ32IOJVGUMyaPydwcA1FtVvWqT0TNRch9H+cMNEGllfVFfScImog==}
    peerDependencies:
      '@azure/app-configuration': ^1.11.0
      '@azure/cosmos': ^4.9.1
      '@azure/data-tables': ^13.3.2
      '@azure/identity': ^4.13.0
      '@azure/keyvault-secrets': ^4.10.0
      '@azure/storage-blob': ^12.31.0
      '@capacitor/preferences': ^6 || ^7 || ^8
      '@deno/kv': '>=0.13.0'
      '@netlify/blobs': ^6.5.0 || ^7.0.0 || ^8.1.0 || ^9.0.0 || ^10.0.0
      '@planetscale/database': ^1.19.0
      '@upstash/redis': ^1.36.2
      '@vercel/blob': '>=0.27.3'
      '@vercel/functions': ^2.2.12 || ^3.0.0
      '@vercel/kv': ^1.0.1
      aws4fetch: ^1.0.20
      chokidar: ^4 || ^5
      db0: '>=0.3.4'
      idb-keyval: ^6.2.2
      ioredis: ^5.9.3
      lru-cache: ^11.2.6
      mongodb: ^6 || ^7
      ofetch: '*'
      uploadthing: ^7.7.4
    peerDependenciesMeta:
      '@azure/app-configuration':
        optional: true
      '@azure/cosmos':
        optional: true
      '@azure/data-tables':
        optional: true
      '@azure/identity':
        optional: true
      '@azure/keyvault-secrets':
        optional: true
      '@azure/storage-blob':
        optional: true
      '@capacitor/preferences':
        optional: true
      '@deno/kv':
        optional: true
      '@netlify/blobs':
        optional: true
      '@planetscale/database':
        optional: true
      '@upstash/redis':
        optional: true
      '@vercel/blob':
        optional: true
      '@vercel/functions':
        optional: true
      '@vercel/kv':
        optional: true
      aws4fetch:
        optional: true
      chokidar:
        optional: true
      db0:
        optional: true
      idb-keyval:
        optional: true
      ioredis:
        optional: true
      lru-cache:
        optional: true
      mongodb:
        optional: true
      ofetch:
        optional: true
      uploadthing:
        optional: true

  vscode-languageserver-textdocument@1.0.12:
    resolution: {integrity: sha512-cxWNPesCnQCcMPeenjKKsOCKQZ/L6Tv19DTRIGuLWe32lyzWhihGVJ/rcckZXJxfdKCFvRLS3fpBIsV/ZGX4zA==}

  vscode-languageserver-types@3.18.0:
    resolution: {integrity: sha512-8TsGPNMIMiiBdkORgRSvLjuiEIiAFtO+KssmYWxQ+uSVvlf7RjK8YKCOjPzZ+YA04jXEV7+7LvkSmHkhpNS99g==}

  yallist@5.0.0:
    resolution: {integrity: sha512-YgvUTfwqyc7UXVMrB+SImsVYSmTS8X/tSrtdNZMImM+n7+QTriRXyXim0mBrTXNeqzVF0KWGgHPeiyViFFrNDw==}
    engines: {node: '>=18'}

  zod@4.4.3:
    resolution: {integrity: sha512-ytENFjIJFl2UwYglde2jchW2Hwm4GJFLDiSXWdTrJQBIN9Fcyp7n4DhxJEiWNAJMV1/BqWfW/kkg71UDcHJyTQ==}

snapshots:

  '@ai-sdk/anthropic@4.0.22(zod@4.4.3)':
    dependencies:
      '@ai-sdk/provider': 4.0.4
      '@ai-sdk/provider-utils': 5.0.13(zod@4.4.3)
      zod: 4.4.3

  '@ai-sdk/gateway@4.0.41(zod@4.4.3)':
    dependencies:
      '@ai-sdk/provider': 4.0.5
      '@ai-sdk/provider-utils': 5.0.21(zod@4.4.3)
      '@vercel/oidc': 3.2.0
      zod: 4.4.3

  '@ai-sdk/provider-utils@5.0.13(zod@4.4.3)':
    dependencies:
      '@ai-sdk/provider': 4.0.4
      '@standard-schema/spec': 1.1.0
      '@workflow/serde': 4.1.0
      eventsource-parser: 3.1.0
      zod: 4.4.3

  '@ai-sdk/provider-utils@5.0.21(zod@4.4.3)':
    dependencies:
      '@ai-sdk/provider': 4.0.5
      '@standard-schema/spec': 1.1.0
      '@workflow/serde': 4.1.0
      eventsource-parser: 3.1.0
      undici: 7.29.0
      zod: 4.4.3

  '@ai-sdk/provider@4.0.4':
    dependencies:
      json-schema: 0.4.0

  '@ai-sdk/provider@4.0.5':
    dependencies:
      json-schema: 0.4.0

  '@bufbuild/protobuf@2.13.0': {}

  '@connectrpc/connect-web@2.1.2(@bufbuild/protobuf@2.13.0)(@connectrpc/connect@2.1.2(@bufbuild/protobuf@2.13.0))':
    dependencies:
      '@bufbuild/protobuf': 2.13.0
      '@connectrpc/connect': 2.1.2(@bufbuild/protobuf@2.13.0)

  '@connectrpc/connect@2.1.2(@bufbuild/protobuf@2.13.0)':
    dependencies:
      '@bufbuild/protobuf': 2.13.0

  '@e2b/eve-sandbox@0.1.1(ai@7.0.52(zod@4.4.3))(eve@0.30.8(ai@7.0.52(zod@4.4.3))(lru-cache@11.5.2))':
    dependencies:
      ai: 7.0.52(zod@4.4.3)
      e2b: 2.38.0
      eve: 0.30.8(ai@7.0.52(zod@4.4.3))(lru-cache@11.5.2)

  '@isaacs/fs-minipass@4.0.1':
    dependencies:
      minipass: 7.1.3

  '@oxc-project/types@0.143.0': {}

  '@rolldown/binding-android-arm64@1.2.3':
    optional: true

  '@rolldown/binding-darwin-arm64@1.2.3':
    optional: true

  '@rolldown/binding-darwin-x64@1.2.3':
    optional: true

  '@rolldown/binding-freebsd-x64@1.2.3':
    optional: true

  '@rolldown/binding-linux-arm-gnueabihf@1.2.3':
    optional: true

  '@rolldown/binding-linux-arm64-gnu@1.2.3':
    optional: true

  '@rolldown/binding-linux-arm64-musl@1.2.3':
    optional: true

  '@rolldown/binding-linux-ppc64-gnu@1.2.3':
    optional: true

  '@rolldown/binding-linux-s390x-gnu@1.2.3':
    optional: true

  '@rolldown/binding-linux-x64-gnu@1.2.3':
    optional: true

  '@rolldown/binding-linux-x64-musl@1.2.3':
    optional: true

  '@rolldown/binding-openharmony-arm64@1.2.3':
    optional: true

  '@rolldown/binding-win32-arm64-msvc@1.2.3':
    optional: true

  '@rolldown/binding-win32-x64-msvc@1.2.3':
    optional: true

  '@rolldown/pluginutils@1.0.1': {}

  '@standard-schema/spec@1.1.0': {}

  '@types/node@26.1.2':
    dependencies:
      undici-types: 8.3.0

  '@vercel/oidc@3.2.0': {}

  '@workflow/serde@4.1.0': {}

  ai@7.0.52(zod@4.4.3):
    dependencies:
      '@ai-sdk/gateway': 4.0.41(zod@4.4.3)
      '@ai-sdk/provider': 4.0.5
      '@ai-sdk/provider-utils': 5.0.21(zod@4.4.3)
      zod: 4.4.3

  balanced-match@4.0.4: {}

  brace-expansion@5.0.9:
    dependencies:
      balanced-match: 4.0.4

  chalk@5.6.2: {}

  chownr@3.0.0: {}

  compare-versions@6.1.1: {}

  consola@3.4.2: {}

  crossws@0.4.10(srvx@0.11.22):
    optionalDependencies:
      srvx: 0.11.22

  db0@0.3.4: {}

  dockerfile-ast@0.7.1:
    dependencies:
      vscode-languageserver-textdocument: 1.0.12
      vscode-languageserver-types: 3.18.0

  e2b@2.38.0:
    dependencies:
      '@bufbuild/protobuf': 2.13.0
      '@connectrpc/connect': 2.1.2(@bufbuild/protobuf@2.13.0)
      '@connectrpc/connect-web': 2.1.2(@bufbuild/protobuf@2.13.0)(@connectrpc/connect@2.1.2(@bufbuild/protobuf@2.13.0))
      chalk: 5.6.2
      compare-versions: 6.1.1
      dockerfile-ast: 0.7.1
      glob: 13.0.6
      openapi-fetch: 0.14.1
      platform: 1.3.6
      tar: 7.5.22
      undici: 7.29.0
    optionalDependencies:
      undici8: undici@8.8.0

  env-runner@0.1.16:
    dependencies:
      crossws: 0.4.10(srvx@0.11.22)
      exsolve: 1.1.1
      httpxy: 0.5.5
      srvx: 0.11.22

  eve@0.30.8(ai@7.0.52(zod@4.4.3))(lru-cache@11.5.2):
    dependencies:
      ai: 7.0.52(zod@4.4.3)
      nitro: 3.0.260610-beta(lru-cache@11.5.2)
      undici: 8.9.0
    transitivePeerDependencies:
      - '@azure/app-configuration'
      - '@azure/cosmos'
      - '@azure/data-tables'
      - '@azure/identity'
      - '@azure/keyvault-secrets'
      - '@azure/storage-blob'
      - '@capacitor/preferences'
      - '@deno/kv'
      - '@electric-sql/pglite'
      - '@libsql/client'
      - '@netlify/blobs'
      - '@netlify/runtime'
      - '@planetscale/database'
      - '@upstash/redis'
      - '@vercel/blob'
      - '@vercel/functions'
      - '@vercel/kv'
      - '@vercel/queue'
      - aws4fetch
      - better-sqlite3
      - chokidar
      - dotenv
      - drizzle-orm
      - giget
      - idb-keyval
      - ioredis
      - jiti
      - lru-cache
      - miniflare
      - mongodb
      - mysql2
      - rollup
      - sqlite3
      - uploadthing
      - vite
      - wrangler
      - xml2js
      - zephyr-agent

  eventsource-parser@3.1.0: {}

  exsolve@1.1.1: {}

  glob@13.0.6:
    dependencies:
      minimatch: 10.2.6
      minipass: 7.1.3
      path-scurry: 2.0.2

  h3@2.0.1-rc.22(crossws@0.4.10(srvx@0.11.22)):
    dependencies:
      rou3: 0.8.1
      srvx: 0.11.22
    optionalDependencies:
      crossws: 0.4.10(srvx@0.11.22)

  hookable@6.1.1: {}

  httpxy@0.5.5: {}

  json-schema@0.4.0: {}

  lru-cache@11.5.2: {}

  minimatch@10.2.6:
    dependencies:
      brace-expansion: 5.0.9

  minipass@7.1.3: {}

  minizlib@3.1.0:
    dependencies:
      minipass: 7.1.3

  nanoid@5.1.11: {}

  nf3@0.3.23: {}

  nitro@3.0.260610-beta(lru-cache@11.5.2):
    dependencies:
      consola: 3.4.2
      crossws: 0.4.10(srvx@0.11.22)
      db0: 0.3.4
      env-runner: 0.1.16
      h3: 2.0.1-rc.22(crossws@0.4.10(srvx@0.11.22))
      hookable: 6.1.1
      nf3: 0.3.23
      ocache: 0.1.5
      ofetch: 2.0.0-alpha.3
      ohash: 2.0.11
      rolldown: 1.2.3
      srvx: 0.11.22
      unenv: 2.0.0-rc.24
      unstorage: 2.0.0-alpha.7(db0@0.3.4)(lru-cache@11.5.2)(ofetch@2.0.0-alpha.3)
    transitivePeerDependencies:
      - '@azure/app-configuration'
      - '@azure/cosmos'
      - '@azure/data-tables'
      - '@azure/identity'
      - '@azure/keyvault-secrets'
      - '@azure/storage-blob'
      - '@capacitor/preferences'
      - '@deno/kv'
      - '@electric-sql/pglite'
      - '@libsql/client'
      - '@netlify/blobs'
      - '@netlify/runtime'
      - '@planetscale/database'
      - '@upstash/redis'
      - '@vercel/blob'
      - '@vercel/functions'
      - '@vercel/kv'
      - aws4fetch
      - better-sqlite3
      - chokidar
      - drizzle-orm
      - idb-keyval
      - ioredis
      - lru-cache
      - miniflare
      - mongodb
      - mysql2
      - sqlite3
      - uploadthing
      - wrangler

  ocache@0.1.5:
    dependencies:
      ohash: 2.0.11

  ofetch@2.0.0-alpha.3: {}

  ohash@2.0.11: {}

  openapi-fetch@0.14.1:
    dependencies:
      openapi-typescript-helpers: 0.0.15

  openapi-typescript-helpers@0.0.15: {}

  path-scurry@2.0.2:
    dependencies:
      lru-cache: 11.5.2
      minipass: 7.1.3

  pathe@2.0.3: {}

  platform@1.3.6: {}

  rolldown@1.2.3:
    dependencies:
      '@oxc-project/types': 0.143.0
      '@rolldown/pluginutils': 1.0.1
    optionalDependencies:
      '@rolldown/binding-android-arm64': 1.2.3
      '@rolldown/binding-darwin-arm64': 1.2.3
      '@rolldown/binding-darwin-x64': 1.2.3
      '@rolldown/binding-freebsd-x64': 1.2.3
      '@rolldown/binding-linux-arm-gnueabihf': 1.2.3
      '@rolldown/binding-linux-arm64-gnu': 1.2.3
      '@rolldown/binding-linux-arm64-musl': 1.2.3
      '@rolldown/binding-linux-ppc64-gnu': 1.2.3
      '@rolldown/binding-linux-s390x-gnu': 1.2.3
      '@rolldown/binding-linux-x64-gnu': 1.2.3
      '@rolldown/binding-linux-x64-musl': 1.2.3
      '@rolldown/binding-openharmony-arm64': 1.2.3
      '@rolldown/binding-win32-arm64-msvc': 1.2.3
      '@rolldown/binding-win32-x64-msvc': 1.2.3

  rou3@0.8.1: {}

  srvx@0.11.22: {}

  tar@7.5.22:
    dependencies:
      '@isaacs/fs-minipass': 4.0.1
      chownr: 3.0.0
      minipass: 7.1.3
      minizlib: 3.1.0
      yallist: 5.0.0

  typescript@6.0.3: {}

  undici-types@8.3.0: {}

  undici@7.29.0: {}

  undici@8.8.0:
    optional: true

  undici@8.9.0: {}

  unenv@2.0.0-rc.24:
    dependencies:
      pathe: 2.0.3

  unstorage@2.0.0-alpha.7(db0@0.3.4)(lru-cache@11.5.2)(ofetch@2.0.0-alpha.3):
    optionalDependencies:
      db0: 0.3.4
      lru-cache: 11.5.2
      ofetch: 2.0.0-alpha.3

  vscode-languageserver-textdocument@1.0.12: {}

  vscode-languageserver-types@3.18.0: {}

  yallist@5.0.0: {}

  zod@4.4.3: {}
