# This file is automatically @generated by Poetry 2.2.1 and should not be changed by hand.

[[package]]
name = "anyio"
version = "4.6.0"
description = "High level compatibility layer for multiple asynchronous event loop implementations"
optional = false
python-versions = ">=3.9"
groups = ["main"]
files = [
    {file = "anyio-4.6.0-py3-none-any.whl", hash = "sha256:c7d2e9d63e31599eeb636c8c5c03a7e108d73b345f064f1c19fdc87b79036a9a"},
    {file = "anyio-4.6.0.tar.gz", hash = "sha256:137b4559cbb034c477165047febb6ff83f390fc3b20bf181c1fc0a728cb8beeb"},
]

[package.dependencies]
idna = ">=2.8"
sniffio = ">=1.1"

[package.extras]
doc = ["Sphinx (>=7.4,<8.0)", "packaging", "sphinx-autodoc-typehints (>=1.2.0)", "sphinx-rtd-theme"]
test = ["anyio[trio]", "coverage[toml] (>=7)", "exceptiongroup (>=1.2.0)", "hypothesis (>=4.0)", "psutil (>=5.9)", "pytest (>=7.0)", "pytest-mock (>=3.6.1)", "trustme", "uvloop (>=0.21.0b1) ; platform_python_implementation == \"CPython\" and platform_system != \"Windows\""]
trio = ["trio (>=0.26.1)"]

[[package]]
name = "attrs"
version = "23.2.0"
description = "Classes Without Boilerplate"
optional = false
python-versions = ">=3.7"
groups = ["main"]
files = [
    {file = "attrs-23.2.0-py3-none-any.whl", hash = "sha256:99b87a485a5820b23b879f04c2305b44b951b502fd64be915879d77a7e8fc6f1"},
    {file = "attrs-23.2.0.tar.gz", hash = "sha256:935dc3b529c262f6cf76e50877d35a4bd3c1de194fd41f47a2b7ae8f19971f30"},
]

[package.extras]
cov = ["attrs[tests]", "coverage[toml] (>=5.3)"]
dev = ["attrs[tests]", "pre-commit"]
docs = ["furo", "myst-parser", "sphinx", "sphinx-notfound-page", "sphinxcontrib-towncrier", "towncrier", "zope-interface"]
tests = ["attrs[tests-no-zope]", "zope-interface"]
tests-mypy = ["mypy (>=1.6) ; platform_python_implementation == \"CPython\" and python_version >= \"3.8\"", "pytest-mypy-plugins ; platform_python_implementation == \"CPython\" and python_version >= \"3.8\""]
tests-no-zope = ["attrs[tests-mypy]", "cloudpickle ; platform_python_implementation == \"CPython\"", "hypothesis", "pympler", "pytest (>=4.3.0)", "pytest-xdist[psutil]"]

[[package]]
name = "bracex"
version = "3.0.1"
description = "Bash style brace expander."
optional = false
python-versions = ">=3.10"
groups = ["main"]
files = [
    {file = "bracex-3.0.1-py3-none-any.whl", hash = "sha256:6523ad83aeb5098a4ee597cff0f964442ff74e460bd3fafaffab6a013ff2288c"},
    {file = "bracex-3.0.1.tar.gz", hash = "sha256:4e38e32392e4a4780fe15d644bfc7c8514057cfc3861e060b11814ce829c25e4"},
]

[[package]]
name = "certifi"
version = "2024.8.30"
description = "Python package for providing Mozilla's CA Bundle."
optional = false
python-versions = ">=3.6"
groups = ["main"]
files = [
    {file = "certifi-2024.8.30-py3-none-any.whl", hash = "sha256:922820b53db7a7257ffbda3f597266d435245903d80737e34f8a45ff3e3230d8"},
    {file = "certifi-2024.8.30.tar.gz", hash = "sha256:bec941d2aa8195e248a60b31ff9f0558284cf01a52591ceda73ea9afffd69fd9"},
]

[[package]]
name = "connectrpc"
version = "0.11.1"
description = "Server and client runtime library for Connect RPC"
optional = false
python-versions = ">=3.10"
groups = ["main"]
files = [
    {file = "connectrpc-0.11.1-py3-none-any.whl", hash = "sha256:8a52e2e92a485fa9681c1101a79a5ebeb31807e3ea3d5aabd41f484a6398bc7b"},
    {file = "connectrpc-0.11.1.tar.gz", hash = "sha256:18277f7838847b4271ca38d40c7d2387b5a2ea6a29f240689c19e1ec84aaff66"},
]

[package.dependencies]
protobuf-py = "0.1.1"
pyqwest = ">=0.5.1"

[[package]]
name = "dockerfile-parse"
version = "2.0.1"
description = "Python library for Dockerfile manipulation"
optional = false
python-versions = ">=3.6"
groups = ["main"]
files = [
    {file = "dockerfile-parse-2.0.1.tar.gz", hash = "sha256:3184ccdc513221983e503ac00e1aa504a2aa8f84e5de673c46b0b6eee99ec7bc"},
    {file = "dockerfile_parse-2.0.1-py2.py3-none-any.whl", hash = "sha256:bdffd126d2eb26acf1066acb54cb2e336682e1d72b974a40894fac76a4df17f6"},
]

[[package]]
name = "e2b"
version = "2.38.0"
description = "E2B SDK that give agents cloud environments"
optional = false
python-versions = ">=3.10"
groups = ["main"]
files = [
    {file = "e2b-2.38.0-py3-none-any.whl", hash = "sha256:9f43803aa23e9a33ed48c1c778d588f83c0390db21edf3098255137981541b67"},
    {file = "e2b-2.38.0.tar.gz", hash = "sha256:b245976cc946d144baf77341b19fa537bfd7cbd9028dc8ef59bd6947f5e329c1"},
]

[package.dependencies]
attrs = ">=23.2.0"
connectrpc = ">=0.11.1,<0.12"
dockerfile-parse = ">=2.0.1,<3"
h2 = ">=4,<5"
httpx = ">=0.27.0,<1.0.0"
packaging = ">=24.1"
protobuf-py = ">=0.1.1,<0.2"
pyqwest = ">=0.9.0,<0.10"
python-dateutil = ">=2.8.2"
rich = ">=14.0.0"
typing-extensions = ">=4.10.0"
wcmatch = ">=10.1,<12"

[[package]]
name = "e2b-code-interpreter"
version = "2.9.0"
description = "E2B Code Interpreter - Stateful code execution"
optional = false
python-versions = "<4.0,>=3.10"
groups = ["main"]
files = [
    {file = "e2b_code_interpreter-2.9.0-py3-none-any.whl", hash = "sha256:8e0520815bfb596ece0c730e430b970900adda6a174d56dc12dae5bd2b39e281"},
    {file = "e2b_code_interpreter-2.9.0.tar.gz", hash = "sha256:5e5e5bbeaba49653a7a7782770a0aa2b5f801f3cd77e7e8e8b4f97eb3682f5e3"},
]

[package.dependencies]
attrs = ">=21.3.0"
e2b = ">=2.26.0,<3.0.0"
httpx = ">=0.20.0,<1.0.0"

[[package]]
name = "h11"
version = "0.14.0"
description = "A pure-Python, bring-your-own-I/O implementation of HTTP/1.1"
optional = false
python-versions = ">=3.7"
groups = ["main"]
files = [
    {file = "h11-0.14.0-py3-none-any.whl", hash = "sha256:e3fe4ac4b851c468cc8363d500db52c2ead036020723024a109d37346efaa761"},
    {file = "h11-0.14.0.tar.gz", hash = "sha256:8f19fbbe99e72420ff35c00b27a34cb9937e902a8b810e2c88300c6f0a3b699d"},
]

[[package]]
name = "h2"
version = "4.4.1"
description = "Pure-Python HTTP/2 protocol implementation"
optional = false
python-versions = ">=3.10"
groups = ["main"]
files = [
    {file = "h2-4.4.1-py3-none-any.whl", hash = "sha256:0e25f1462b23c9cb82d9eb02e28bc706dac2a68cb457c6a0d74d63c8a2a5d0e6"},
    {file = "h2-4.4.1.tar.gz", hash = "sha256:4e866ffb1a869ae14dd9b5e6beb5c24a13da0495ad72b65925ded182521c1516"},
]

[package.dependencies]
hpack = ">=4.2,<5"
hyperframe = ">=6.1,<7"

[[package]]
name = "hpack"
version = "4.2.0"
description = "Pure-Python HPACK header encoding"
optional = false
python-versions = ">=3.10"
groups = ["main"]
files = [
    {file = "hpack-4.2.0-py3-none-any.whl", hash = "sha256:858ac0b02280fa582b5080d68db0899c62a80375e0e5413a74970c5e518b6986"},
    {file = "hpack-4.2.0.tar.gz", hash = "sha256:0895cfa3b5531fc65fe439c05eb65144f123bf7a394fcaa56aa423548d8e45c0"},
]

[[package]]
name = "httpcore"
version = "1.0.6"
description = "A minimal low-level HTTP client."
optional = false
python-versions = ">=3.8"
groups = ["main"]
files = [
    {file = "httpcore-1.0.6-py3-none-any.whl", hash = "sha256:27b59625743b85577a8c0e10e55b50b5368a4f2cfe8cc7bcfa9cf00829c2682f"},
    {file = "httpcore-1.0.6.tar.gz", hash = "sha256:73f6dbd6eb8c21bbf7ef8efad555481853f5f6acdeaff1edb0694289269ee17f"},
]

[package.dependencies]
certifi = "*"
h11 = ">=0.13,<0.15"

[package.extras]
asyncio = ["anyio (>=4.0,<5.0)"]
http2 = ["h2 (>=3,<5)"]
socks = ["socksio (==1.*)"]
trio = ["trio (>=0.22.0,<1.0)"]

[[package]]
name = "httpx"
version = "0.27.2"
description = "The next generation HTTP client."
optional = false
python-versions = ">=3.8"
groups = ["main"]
files = [
    {file = "httpx-0.27.2-py3-none-any.whl", hash = "sha256:7bb2708e112d8fdd7829cd4243970f0c223274051cb35ee80c03301ee29a3df0"},
    {file = "httpx-0.27.2.tar.gz", hash = "sha256:f7c2be1d2f3c3c3160d441802406b206c2b76f5947b11115e6df10c6c65e66c2"},
]

[package.dependencies]
anyio = "*"
certifi = "*"
httpcore = "==1.*"
idna = "*"
sniffio = "*"

[package.extras]
brotli = ["brotli ; platform_python_implementation == \"CPython\"", "brotlicffi ; platform_python_implementation != \"CPython\""]
cli = ["click (==8.*)", "pygments (==2.*)", "rich (>=10,<14)"]
http2 = ["h2 (>=3,<5)"]
socks = ["socksio (==1.*)"]
zstd = ["zstandard (>=0.18.0)"]

[[package]]
name = "hyperframe"
version = "6.1.0"
description = "Pure-Python HTTP/2 framing"
optional = false
python-versions = ">=3.9"
groups = ["main"]
files = [
    {file = "hyperframe-6.1.0-py3-none-any.whl", hash = "sha256:b03380493a519fce58ea5af42e4a42317bf9bd425596f7a0835ffce80f1a42e5"},
    {file = "hyperframe-6.1.0.tar.gz", hash = "sha256:f630908a00854a7adeabd6382b43923a4c4cd4b821fcb527e6ab9e15382a3b08"},
]

[[package]]
name = "idna"
version = "3.10"
description = "Internationalized Domain Names in Applications (IDNA)"
optional = false
python-versions = ">=3.6"
groups = ["main"]
files = [
    {file = "idna-3.10-py3-none-any.whl", hash = "sha256:946d195a0d259cbba61165e88e65941f16e9b36ea6ddb97f00452bae8b1287d3"},
    {file = "idna-3.10.tar.gz", hash = "sha256:12f65c9b470abda6dc35cf8e63cc574b1c52b11df2c86030af0ac09b01b13ea9"},
]

[package.extras]
all = ["flake8 (>=7.1.1)", "mypy (>=1.11.2)", "pytest (>=8.3.2)", "ruff (>=0.6.2)"]

[[package]]
name = "markdown-it-py"
version = "4.2.0"
description = "Python port of markdown-it. Markdown parsing, done right!"
optional = false
python-versions = ">=3.10"
groups = ["main"]
files = [
    {file = "markdown_it_py-4.2.0-py3-none-any.whl", hash = "sha256:9f7ebbcd14fe59494226453aed97c1070d83f8d24b6fc3a3bcf9a38092641c4a"},
    {file = "markdown_it_py-4.2.0.tar.gz", hash = "sha256:04a21681d6fbb623de53f6f364d352309d4094dd4194040a10fd51833e418d49"},
]

[package.dependencies]
mdurl = ">=0.1,<1.0"

[package.extras]
benchmarking = ["psutil", "pytest", "pytest-benchmark"]
compare = ["commonmark (>=0.9,<1.0)", "markdown (>=3.4,<4.0)", "markdown-it-pyrs", "mistletoe (>=1.0,<2.0)", "mistune (>=3.0,<4.0)", "panflute (>=2.3,<3.0)"]
linkify = ["linkify-it-py (>=1,<3)"]
plugins = ["mdit-py-plugins (>=0.5.0)"]
profiling = ["gprof2dot"]
rtd = ["ipykernel", "jupyter_sphinx", "mdit-py-plugins (>=0.5.0)", "myst-parser", "pyyaml", "sphinx", "sphinx-book-theme (>=1.0,<2.0)", "sphinx-copybutton", "sphinx-design"]
testing = ["coverage", "pytest", "pytest-cov", "pytest-regressions", "pytest-timeout", "requests"]

[[package]]
name = "mdurl"
version = "0.1.2"
description = "Markdown URL utilities"
optional = false
python-versions = ">=3.7"
groups = ["main"]
files = [
    {file = "mdurl-0.1.2-py3-none-any.whl", hash = "sha256:84008a41e51615a49fc9966191ff91509e3c40b939176e643fd50a5c2196b8f8"},
    {file = "mdurl-0.1.2.tar.gz", hash = "sha256:bb413d29f5eea38f31dd4754dd7377d4465116fb207585f97bf925588687c1ba"},
]

[[package]]
name = "opentelemetry-api"
version = "1.44.0"
description = "OpenTelemetry Python API"
optional = false
python-versions = ">=3.10"
groups = ["main"]
files = [
    {file = "opentelemetry_api-1.44.0-py3-none-any.whl", hash = "sha256:94b98c893a91b88657eaac1e3ba89618cdb85be6918196705354f34728b2cdef"},
    {file = "opentelemetry_api-1.44.0.tar.gz", hash = "sha256:67647e5e9566edcf421166fdf022b3537f818635daa852b289e34604dc6fb33a"},
]

[package.dependencies]
typing-extensions = ">=4.5.0"

[[package]]
name = "packaging"
version = "24.1"
description = "Core utilities for Python packages"
optional = false
python-versions = ">=3.8"
groups = ["main"]
files = [
    {file = "packaging-24.1-py3-none-any.whl", hash = "sha256:5b8f2217dbdbd2f7f384c41c628544e6d52f2d0f53c6d0c3ea61aa5d1d7ff124"},
    {file = "packaging-24.1.tar.gz", hash = "sha256:026ed72c8ed3fcce5bf8950572258698927fd1dbda10a5e981cdf0ac37f4f002"},
]

[[package]]
name = "protobuf-py"
version = "0.1.1"
description = "Idiomatic Protocol Buffers for Python."
optional = false
python-versions = ">=3.10"
groups = ["main"]
files = [
    {file = "protobuf_py-0.1.1-py3-none-any.whl", hash = "sha256:efc4f50f275ed6dae10a1f30bb81ad1a75368557b3ff22a532b7a472050368f1"},
    {file = "protobuf_py-0.1.1.tar.gz", hash = "sha256:6bd08ac4d8f1661965bbe2685429d79043704cdd1ee720a7a89617331742240b"},
]

[package.dependencies]
protobuf-py-ext = {version = "0.1.1", markers = "(platform_machine == \"AMD64\" or platform_machine == \"ARM64\") and platform_python_implementation == \"CPython\" and sys_platform == \"win32\" or (platform_machine == \"aarch64\" or platform_machine == \"x86_64\") and platform_python_implementation == \"CPython\" and sys_platform == \"linux\" or platform_machine == \"arm64\" and platform_python_implementation == \"CPython\" and sys_platform == \"darwin\""}

[[package]]
name = "protobuf-py-ext"
version = "0.1.1"
description = "Native extension for protobuf-py"
optional = false
python-versions = ">=3.10"
groups = ["main"]
markers = "(platform_machine == \"AMD64\" or platform_machine == \"ARM64\") and platform_python_implementation == \"CPython\" and sys_platform == \"win32\" or (platform_machine == \"aarch64\" or platform_machine == \"x86_64\") and platform_python_implementation == \"CPython\" and sys_platform == \"linux\" or platform_machine == \"arm64\" and platform_python_implementation == \"CPython\" and sys_platform == \"darwin\""
files = [
    {file = "protobuf_py_ext-0.1.1-cp310-abi3-macosx_11_0_arm64.whl", hash = "sha256:310039e03cb15181781a0b78017419f6d4ee302e988c3c70b87f1facdf05532d"},
    {file = "protobuf_py_ext-0.1.1-cp310-abi3-manylinux_2_17_aarch64.manylinux2014_aarch64.whl", hash = "sha256:89ec8348d1ba045f79b2fedd14e40cca36f2a41b52f2c4fdf55a60c58add2353"},
    {file = "protobuf_py_ext-0.1.1-cp310-abi3-manylinux_2_17_x86_64.manylinux2014_x86_64.whl", hash = "sha256:182798e4861aba72d05855bd06febe4926aa7265e6f444a1b8af5252beee4f7e"},
    {file = "protobuf_py_ext-0.1.1-cp310-abi3-musllinux_1_2_aarch64.whl", hash = "sha256:9eb25c3a329c0551cc86b209a5e5d8ecb8d834b9924a3aa019377853a703b6d3"},
    {file = "protobuf_py_ext-0.1.1-cp310-abi3-musllinux_1_2_x86_64.whl", hash = "sha256:aaecbde82bef10c7c40578cbb61b7a19896bf7fa450972050a3bb302acb7d5d6"},
    {file = "protobuf_py_ext-0.1.1-cp310-abi3-win_amd64.whl", hash = "sha256:6b0c615c48e95acc53cf33e9310eeaff8b30d2d7555bf93e7bca8fb4f40e9a5c"},
    {file = "protobuf_py_ext-0.1.1-cp310-abi3-win_arm64.whl", hash = "sha256:72956cd0af5dee24b41c6f5ba5e42622d17e6d555002b5efc1634e27a1446de2"},
    {file = "protobuf_py_ext-0.1.1-cp312-cp312-macosx_11_0_arm64.whl", hash = "sha256:c6f0cd58620f415a3534d195358338f4999a774e12510f91c592b38d13d37388"},
    {file = "protobuf_py_ext-0.1.1-cp312-cp312-manylinux_2_17_aarch64.manylinux2014_aarch64.whl", hash = "sha256:21572764f625d829604fc4d83635f533f35775f11c6da142345b3f3c8d64bd09"},
    {file = "protobuf_py_ext-0.1.1-cp312-cp312-manylinux_2_17_x86_64.manylinux2014_x86_64.whl", hash = "sha256:e7f14f00c2678bfbe7ad46f057b9f9938c1677bcf39e405e163e272c6f9814b8"},
    {file = "protobuf_py_ext-0.1.1-cp312-cp312-musllinux_1_2_aarch64.whl", hash = "sha256:1610865622e2e27568277ca63d8d2d23dcc55eaa767398865c21539ddf4ce24d"},
    {file = "protobuf_py_ext-0.1.1-cp312-cp312-musllinux_1_2_x86_64.whl", hash = "sha256:8995efba9476e1ea18ef9873306871dba697308994bc2766558fec3387acc3de"},
    {file = "protobuf_py_ext-0.1.1-cp313-cp313-macosx_11_0_arm64.whl", hash = "sha256:ba61d49dace8f874361583030a7c48139b42eb37c9ffbb1e7e8a227a51576f44"},
    {file = "protobuf_py_ext-0.1.1-cp313-cp313-manylinux_2_17_aarch64.manylinux2014_aarch64.whl", hash = "sha256:9a9c2f026096ca4c595c89a297067ef371e241d3ff8e1f6d7c779aa8419cdca7"},
    {file = "protobuf_py_ext-0.1.1-cp313-cp313-manylinux_2_17_x86_64.manylinux2014_x86_64.whl", hash = "sha256:cf78707a040b9294e5e1ec4a1875f0046acfe52e92150cea27de4e9fc9db39bb"},
    {file = "protobuf_py_ext-0.1.1-cp313-cp313-musllinux_1_2_aarch64.whl", hash = "sha256:ae4373845cbb85bdade3ef5368cc2f4b5f80bf173383afc1ab063f95644e5599"},
    {file = "protobuf_py_ext-0.1.1-cp313-cp313-musllinux_1_2_x86_64.whl", hash = "sha256:2a4cc478eef7a2acc1daaebcde479a3ac2396d47e6bdc7e776ca4c4147ba8b4c"},
    {file = "protobuf_py_ext-0.1.1-cp314-cp314-macosx_11_0_arm64.whl", hash = "sha256:359dccdc1c3eafed2a913c570bb082b8df848a1d27d548ce8385f246a7d68be2"},
    {file = "protobuf_py_ext-0.1.1-cp314-cp314-manylinux_2_17_aarch64.manylinux2014_aarch64.whl", hash = "sha256:91c38b4a10a306366443273ee03ca554537a0965bf05b7ada8e7dbdee04cc93e"},
    {file = "protobuf_py_ext-0.1.1-cp314-cp314-manylinux_2_17_x86_64.manylinux2014_x86_64.whl", hash = "sha256:79eee3bcbb289d6ea114eb8fe3a1469c5b59bf53e207238469f567d9c53ba56f"},
    {file = "protobuf_py_ext-0.1.1-cp314-cp314-musllinux_1_2_aarch64.whl", hash = "sha256:10992141a8282a71ac3e3530d1a489efb27618d84000b9a47918cf70e5816d9b"},
    {file = "protobuf_py_ext-0.1.1-cp314-cp314-musllinux_1_2_x86_64.whl", hash = "sha256:4411ffe0e06a774b83c5c71c546ce097640a25f596c45f95f53d3e3148e3f22d"},
    {file = "protobuf_py_ext-0.1.1-cp314-cp314t-macosx_11_0_arm64.whl", hash = "sha256:55a17d80ea419501ff221a6627523f38a431bb33e6aa3de81ae3a7f271c49c75"},
    {file = "protobuf_py_ext-0.1.1-cp314-cp314t-manylinux_2_17_aarch64.manylinux2014_aarch64.whl", hash = "sha256:9dbb518b5638403ceaa08ac4fc7dac626f45ed9b856b3517de3906cf3de4d632"},
    {file = "protobuf_py_ext-0.1.1-cp314-cp314t-manylinux_2_17_x86_64.manylinux2014_x86_64.whl", hash = "sha256:8a4adc65ab6a5e4885c67fc808bcacb83d755d05b566d312a0e10c2a873f2ad4"},
    {file = "protobuf_py_ext-0.1.1-cp314-cp314t-musllinux_1_2_aarch64.whl", hash = "sha256:e97f45c49676efacfb8e95bfcb1a002bc337e618a6780be1e55df2ba5ebd2f1e"},
    {file = "protobuf_py_ext-0.1.1-cp314-cp314t-musllinux_1_2_x86_64.whl", hash = "sha256:53a6b3590f6aa7f97b8ed60f62fef9b096babfeae82f7283fd3a4c405827d4f8"},
    {file = "protobuf_py_ext-0.1.1.tar.gz", hash = "sha256:e85bfdfdb3ed50634db8ccc7429dd9286520109489c735463971a418707b4fef"},
]

[[package]]
name = "pygments"
version = "2.20.0"
description = "Pygments is a syntax highlighting package written in Python."
optional = false
python-versions = ">=3.9"
groups = ["main"]
files = [
    {file = "pygments-2.20.0-py3-none-any.whl", hash = "sha256:81a9e26dd42fd28a23a2d169d86d7ac03b46e2f8b59ed4698fb4785f946d0176"},
    {file = "pygments-2.20.0.tar.gz", hash = "sha256:6757cd03768053ff99f3039c1a36d6c0aa0b263438fcab17520b30a303a82b5f"},
]

[package.extras]
windows-terminal = ["colorama (>=0.4.6)"]

[[package]]
name = "pyqwest"
version = "0.9.0"
description = "A modern, high-performance HTTP client for Python and Rust."
optional = false
python-versions = ">=3.10"
groups = ["main"]
files = [
    {file = "pyqwest-0.9.0-cp310-abi3-macosx_10_12_x86_64.whl", hash = "sha256:517d2eb295d56ef1530cebe0cf290a66fa199c57955bd1c5f1dc592240fbb7d6"},
    {file = "pyqwest-0.9.0-cp310-abi3-macosx_11_0_arm64.whl", hash = "sha256:408dc692835363b6824bee61ee9e4c9a5bba9c08d75b903f82f9a802e41d1b30"},
    {file = "pyqwest-0.9.0-cp310-abi3-manylinux_2_17_aarch64.manylinux2014_aarch64.whl", hash = "sha256:e1abf1ab3a0c1b545651ab37a643acc7909c4e7644a63a2e4af36e3e230a0db5"},
    {file = "pyqwest-0.9.0-cp310-abi3-manylinux_2_17_x86_64.manylinux2014_x86_64.whl", hash = "sha256:9b02e5c9ce57e079eb3716c464d3818ad2573d7743483c39526ad77ee95af806"},
    {file = "pyqwest-0.9.0-cp310-abi3-musllinux_1_2_aarch64.whl", hash = "sha256:98bdaa30a3a8d8c71506a33c084e485a243fbf51e77130bb39e0f249dd116142"},
    {file = "pyqwest-0.9.0-cp310-abi3-musllinux_1_2_x86_64.whl", hash = "sha256:10eba84f9d8512d23bd16dd60b1c77dab956470361559214981dda065df4ad1a"},
    {file = "pyqwest-0.9.0-cp310-abi3-win_amd64.whl", hash = "sha256:af4e859800b02cd1fcdd898af26a881c4a8ce9520f71f6cb0a5403523d2cbbdf"},
    {file = "pyqwest-0.9.0-cp312-cp312-macosx_10_12_x86_64.whl", hash = "sha256:abe322cc1b63947b493bc06028615e0d5de655928159227aab64f60a0eb0e27d"},
    {file = "pyqwest-0.9.0-cp312-cp312-macosx_11_0_arm64.whl", hash = "sha256:c6b2dc6a9c583859d031941e1041b8e711afe0ad4c130628207731cef2b1a486"},
    {file = "pyqwest-0.9.0-cp312-cp312-manylinux_2_17_aarch64.manylinux2014_aarch64.whl", hash = "sha256:551e47714da72a72939958029eb37a754cecd974344471c4a2038583a66a5396"},
    {file = "pyqwest-0.9.0-cp312-cp312-manylinux_2_17_x86_64.manylinux2014_x86_64.whl", hash = "sha256:3be3d38ccdab3077bf1cfe90c346ce927f9b49c56dcdf20e060f5f2502d01021"},
    {file = "pyqwest-0.9.0-cp312-cp312-musllinux_1_2_aarch64.whl", hash = "sha256:45d9d424da878b22604799d1ce2a0a5df054924487ee5a851ad08025e2076e5c"},
    {file = "pyqwest-0.9.0-cp312-cp312-musllinux_1_2_x86_64.whl", hash = "sha256:e4420adcd2b756da706b31a04f095a521f6e440dab284b7a1b46c76e048c1f78"},
    {file = "pyqwest-0.9.0-cp312-cp312-win_amd64.whl", hash = "sha256:25734bd9798bbfaa53c83d395649dd9ea9a791a64b9848734955cb78ad52c832"},
    {file = "pyqwest-0.9.0-cp313-cp313-macosx_10_12_x86_64.whl", hash = "sha256:6e4c2afe6c7293d9e42cfdb0489b0b5f64002159c2dc9c45d9322c1b4ffb42cd"},
    {file = "pyqwest-0.9.0-cp313-cp313-macosx_11_0_arm64.whl", hash = "sha256:67f153b94dfbb9aeabc38f20a1bada1acfd9361bec12db86268bd951be35a154"},
    {file = "pyqwest-0.9.0-cp313-cp313-manylinux_2_17_aarch64.manylinux2014_aarch64.whl", hash = "sha256:b9942ffa243c8c2243e3ce04e3e3ec9b4c119346c963fd0051cd989f0defecf6"},
    {file = "pyqwest-0.9.0-cp313-cp313-manylinux_2_17_x86_64.manylinux2014_x86_64.whl", hash = "sha256:7f8f9c880c19826fead1838e12b042865b15df3ec844928cc74188a8b740f761"},
    {file = "pyqwest-0.9.0-cp313-cp313-musllinux_1_2_aarch64.whl", hash = "sha256:56040761f6ca7abb036c7d288863bf143a9b166d824d98a604908ef20c6906e0"},
    {file = "pyqwest-0.9.0-cp313-cp313-musllinux_1_2_x86_64.whl", hash = "sha256:02a51df744521e45eb5379bc325b91de4512ec64a9f4aba3248f9166ec4e5b88"},
    {file = "pyqwest-0.9.0-cp313-cp313-win_amd64.whl", hash = "sha256:e9a0e3123aee446d5f6e57c43cae87b4dab4b1af3fa970d114d74d5d4b9d075c"},
    {file = "pyqwest-0.9.0-cp314-cp314-macosx_10_12_x86_64.whl", hash = "sha256:fdab21bbedff4a21209135423f5f54f287a01dd6143cbd7aeab63d5d8c889654"},
    {file = "pyqwest-0.9.0-cp314-cp314-macosx_11_0_arm64.whl", hash = "sha256:21a04ddf4497ef3c7fe36cdc473c094999b7710005d38bd8a0dfd4a3feace12f"},
    {file = "pyqwest-0.9.0-cp314-cp314-manylinux_2_17_aarch64.manylinux2014_aarch64.whl", hash = "sha256:c8c51c1a27ea529fffab90c127a045f0dfe1abc54d5b9ad5f4165e954439c9b2"},
    {file = "pyqwest-0.9.0-cp314-cp314-manylinux_2_17_x86_64.manylinux2014_x86_64.whl", hash = "sha256:10f283ffc40a2774e0dc8fbb47e4a8f9f8a698a99feae3bf4ad75b340c98031b"},
    {file = "pyqwest-0.9.0-cp314-cp314-musllinux_1_2_aarch64.whl", hash = "sha256:1f73d4a8e75b5860741fbd0623a0ce792a53336dbfec5f34736004acd5446843"},
    {file = "pyqwest-0.9.0-cp314-cp314-musllinux_1_2_x86_64.whl", hash = "sha256:e34d55a53492b44b82b690c2b11957fc35e99ebab4db2e9bcb2a1e2621d71b62"},
    {file = "pyqwest-0.9.0-cp314-cp314-win_amd64.whl", hash = "sha256:48c367150783f6866d0af43c209cc405f8287743d7b2472c7d757fda2478fd57"},
    {file = "pyqwest-0.9.0-cp314-cp314t-macosx_10_12_x86_64.whl", hash = "sha256:10fae206270355c993b49c49bf9778995167f5efe591807d50a8e682921d71ea"},
    {file = "pyqwest-0.9.0-cp314-cp314t-macosx_11_0_arm64.whl", hash = "sha256:5f475129fb792593222a9ce0fefbbc10bda1544a7411f3946d771c9a61c50e61"},
    {file = "pyqwest-0.9.0-cp314-cp314t-manylinux_2_17_aarch64.manylinux2014_aarch64.whl", hash = "sha256:78f6f676d349535cb094e8e3bcf33863238a142fb7dcc7afb9e61749e2351047"},
    {file = "pyqwest-0.9.0-cp314-cp314t-manylinux_2_17_x86_64.manylinux2014_x86_64.whl", hash = "sha256:f460f5fcdae8cc46e6a679128836f6cd47fbf4bf73e5c9d6ea868e4a90b2e7ee"},
    {file = "pyqwest-0.9.0-cp314-cp314t-musllinux_1_2_aarch64.whl", hash = "sha256:cba6804151e973d27c99b9f02b3f0bcab7270c3f99725b508ada9c147365cabd"},
    {file = "pyqwest-0.9.0-cp314-cp314t-musllinux_1_2_x86_64.whl", hash = "sha256:bc9dfeca326918d70a5368114de0fc627d9f64fafa36563ab484ae58ffe42c0d"},
    {file = "pyqwest-0.9.0-cp314-cp314t-win_amd64.whl", hash = "sha256:384693adc0908f16324e5b508a3c25fb9a92b88f9bdf7ccb6820507db4a95888"},
    {file = "pyqwest-0.9.0-pp311-pypy311_pp73-macosx_10_12_x86_64.whl", hash = "sha256:0c174d8ebde256c457f455dcdedf59446528d84874cb5967041be0d1bda05929"},
    {file = "pyqwest-0.9.0-pp311-pypy311_pp73-macosx_11_0_arm64.whl", hash = "sha256:d5e56192b03bca7ec511c9af4ed80fa10fc1c1871d0ccfe49050632785b46099"},
    {file = "pyqwest-0.9.0-pp311-pypy311_pp73-manylinux_2_17_aarch64.manylinux2014_aarch64.whl", hash = "sha256:b3fa3c93638fc645c7c626fe83032f53972673581878bd85702842f41665ad6c"},
    {file = "pyqwest-0.9.0-pp311-pypy311_pp73-manylinux_2_17_x86_64.manylinux2014_x86_64.whl", hash = "sha256:869d1c630cbff38510207c5b57139f319acca21ed978f9ce6648fcd868df5fbd"},
    {file = "pyqwest-0.9.0-pp311-pypy311_pp73-musllinux_1_2_aarch64.whl", hash = "sha256:a0bc2ba9b6d3103c6f0cce59cca9e2e294d1707bca435b471a1917db73010801"},
    {file = "pyqwest-0.9.0-pp311-pypy311_pp73-musllinux_1_2_x86_64.whl", hash = "sha256:bfb04e3e91166fe6e4eecdcfccb0b2490da7629984b7988cfd4b11daa1dbb616"},
    {file = "pyqwest-0.9.0-pp311-pypy311_pp73-win_amd64.whl", hash = "sha256:fbff11bbffb572c084ccd76048c40bd57976b255d34f59280e56626f556cfaeb"},
    {file = "pyqwest-0.9.0.tar.gz", hash = "sha256:514dd0b37d7a1bcb978b5d6423d15f89cf7dcf8058ac2a37aa42cd30090de89e"},
]

[package.dependencies]
opentelemetry-api = ">=1.39.1"

[[package]]
name = "python-dateutil"
version = "2.9.0.post0"
description = "Extensions to the standard Python datetime module"
optional = false
python-versions = "!=3.0.*,!=3.1.*,!=3.2.*,>=2.7"
groups = ["main"]
files = [
    {file = "python-dateutil-2.9.0.post0.tar.gz", hash = "sha256:37dd54208da7e1cd875388217d5e00ebd4179249f90fb72437e91a35459a0ad3"},
    {file = "python_dateutil-2.9.0.post0-py2.py3-none-any.whl", hash = "sha256:a8b2bc7bffae282281c8140a97d3aa9c14da0b136dfe83f850eea9a5f7470427"},
]

[package.dependencies]
six = ">=1.5"

[[package]]
name = "python-dotenv"
version = "1.0.1"
description = "Read key-value pairs from a .env file and set them as environment variables"
optional = false
python-versions = ">=3.8"
groups = ["main"]
files = [
    {file = "python-dotenv-1.0.1.tar.gz", hash = "sha256:e324ee90a023d808f1959c46bcbc04446a10ced277783dc6ee09987c37ec10ca"},
    {file = "python_dotenv-1.0.1-py3-none-any.whl", hash = "sha256:f7b63ef50f1b690dddf550d03497b66d609393b40b564ed0d674909a68ebf16a"},
]

[package.extras]
cli = ["click (>=5.0)"]

[[package]]
name = "rich"
version = "15.0.0"
description = "Render rich text, tables, progress bars, syntax highlighting, markdown and more to the terminal"
optional = false
python-versions = ">=3.9.0"
groups = ["main"]
files = [
    {file = "rich-15.0.0-py3-none-any.whl", hash = "sha256:33bd4ef74232fb73fe9279a257718407f169c09b78a87ad3d296f548e27de0bb"},
    {file = "rich-15.0.0.tar.gz", hash = "sha256:edd07a4824c6b40189fb7ac9bc4c52536e9780fbbfbddf6f1e2502c31b068c36"},
]

[package.dependencies]
markdown-it-py = ">=2.2.0"
pygments = ">=2.13.0,<3.0.0"

[package.extras]
jupyter = ["ipywidgets (>=7.5.1,<9)"]

[[package]]
name = "six"
version = "1.16.0"
description = "Python 2 and 3 compatibility utilities"
optional = false
python-versions = ">=2.7, !=3.0.*, !=3.1.*, !=3.2.*"
groups = ["main"]
files = [
    {file = "six-1.16.0-py2.py3-none-any.whl", hash = "sha256:8abb2f1d86890a2dfb989f9a77cfcfd3e47c2a354b01111771326f8aa26e0254"},
    {file = "six-1.16.0.tar.gz", hash = "sha256:1e61c37477a1626458e36f7b1d82aa5c9b094fa4802892072e49de9c60c4c926"},
]

[[package]]
name = "sniffio"
version = "1.3.1"
description = "Sniff out which async library your code is running under"
optional = false
python-versions = ">=3.7"
groups = ["main"]
files = [
    {file = "sniffio-1.3.1-py3-none-any.whl", hash = "sha256:2f6da418d1f1e0fddd844478f41680e794e6051915791a034ff65e5f100525a2"},
    {file = "sniffio-1.3.1.tar.gz", hash = "sha256:f4324edc670a0f49750a81b895f35c3adb843cca46f0530f79fc1babb23789dc"},
]

[[package]]
name = "typing-extensions"
version = "4.12.2"
description = "Backported and Experimental Type Hints for Python 3.8+"
optional = false
python-versions = ">=3.8"
groups = ["main"]
files = [
    {file = "typing_extensions-4.12.2-py3-none-any.whl", hash = "sha256:04e5ca0351e0f3f85c6853954072df659d0d13fac324d0072316b67d7794700d"},
    {file = "typing_extensions-4.12.2.tar.gz", hash = "sha256:1a7ead55c7e559dd4dee8856e3a88b41225abfe1ce8df57b7c13915fe121ffb8"},
]

[[package]]
name = "wcmatch"
version = "11.0"
description = "Wildcard/glob file name matcher."
optional = false
python-versions = ">=3.10"
groups = ["main"]
files = [
    {file = "wcmatch-11.0-py3-none-any.whl", hash = "sha256:3a5977ace27e075eef67eb03d539563f1a19018b62881949a42932cf66926934"},
    {file = "wcmatch-11.0.tar.gz", hash = "sha256:55d95c2447789712774b198ceec72939e88b5618f1f8f0a9b605bf7740b63b96"},
]

[package.dependencies]
bracex = ">=3.0"

[metadata]
lock-version = "2.1"
python-versions = "^3.11"
content-hash = "d9bf083caa734e97929dd12a677f15f3af15015313766134a7e6257bfbf84259"
