version = 1
revision = 3
requires-python = ">=3.11, <4"

[[package]]
name = "anyio"
version = "4.15.1"
source = { registry = "https://pypi.org/simple" }
dependencies = [
    { name = "idna" },
    { name = "typing-extensions", marker = "python_full_version < '3.15'" },
]
sdist = { url = "https://files.pythonhosted.org/packages/a9/d2/f4d173e22df740bc37b1db102b386ba719b66e95b0f0d751f556b387e6d2/anyio-4.15.1.tar.gz", hash = "sha256:9f28306018cbd6d329e64a36d58256edff76dd996fe423bc957326e578b82a94", size = 276966, upload-time = "2026-09-05T10:42:39.44Z" }
wheels = [
    { url = "https://files.pythonhosted.org/packages/12/b8/4bd346e22b28902df4d651910f5242c28d84e4a5c2435ca5c3f797ed7e2e/anyio-4.15.1-py3-none-any.whl", hash = "sha256:6152fdbbf9a77fdec97731721bebf7c4c44f7c29b424b0065826173efc7ed101", size = 132079, upload-time = "2026-09-05T10:42:37.923Z" },
]

[[package]]
name = "attrs"
version = "26.1.0"
source = { registry = "https://pypi.org/simple" }
sdist = { url = "https://files.pythonhosted.org/packages/9a/8e/82a0fe20a541c03148528be8cac2408564a6c9a0cc7e9171802bc1d26985/attrs-26.1.0.tar.gz", hash = "sha256:d03ceb89cb322a8fd706d4fb91940737b6642aa36998fe130a9bc96c985eff32", size = 952055, upload-time = "2026-03-19T14:22:25.026Z" }
wheels = [
    { url = "https://files.pythonhosted.org/packages/64/b4/17d4b0b2a2dc85a6df63d1157e028ed19f90d4cd97c36717afef2bc2f395/attrs-26.1.0-py3-none-any.whl", hash = "sha256:c647aa4a12dfbad9333ca4e71fe62ddc36f4e63b2d260a37a8b83d2f043ac309", size = 67548, upload-time = "2026-03-19T14:22:23.645Z" },
]

[[package]]
name = "bracex"
version = "3.0.1"
source = { registry = "https://pypi.org/simple" }
sdist = { url = "https://files.pythonhosted.org/packages/ac/01/5f394b8bcd6e5b92f73130990960423bbb19711f906bd9fe9ea5557c667c/bracex-3.0.1.tar.gz", hash = "sha256:4e38e32392e4a4780fe15d644bfc7c8514057cfc3861e060b11814ce829c25e4", size = 44019, upload-time = "2026-07-20T13:43:00.335Z" }
wheels = [
    { url = "https://files.pythonhosted.org/packages/b8/8f/6f7273a7adb8d73fc8d21ede4376a3e475e52f98435c6007f69100dec8ca/bracex-3.0.1-py3-none-any.whl", hash = "sha256:6523ad83aeb5098a4ee597cff0f964442ff74e460bd3fafaffab6a013ff2288c", size = 11940, upload-time = "2026-07-20T13:42:59.268Z" },
]

[[package]]
name = "certifi"
version = "2026.7.22"
source = { registry = "https://pypi.org/simple" }
sdist = { url = "https://files.pythonhosted.org/packages/a3/c2/24167ea9858356b47a87a50d39908bfdb72ceeefe0041586e704e5376b3a/certifi-2026.7.22.tar.gz", hash = "sha256:741e2c3b351ddf169a738da9f2c048608ff7f2c5cc02f1ebc6b118bb090d5d55", size = 138112, upload-time = "2026-07-22T03:35:12.644Z" }
wheels = [
    { url = "https://files.pythonhosted.org/packages/0b/a7/71ac2cff56fec219ed242bb11b8efb69fcc4bec75db06fb7bfe35de520e6/certifi-2026.7.22-py3-none-any.whl", hash = "sha256:62f22742b58a1a33014a2b6b706588a8d7e2a88ae7bd1a6ebe8c992928483775", size = 136983, upload-time = "2026-07-22T03:35:11.276Z" },
]

[[package]]
name = "connectrpc"
version = "0.11.1"
source = { registry = "https://pypi.org/simple" }
dependencies = [
    { name = "protobuf-py" },
    { name = "pyqwest" },
]
sdist = { url = "https://files.pythonhosted.org/packages/8b/b5/63e14ab9d4d4cc58818562db4120a35fa7454e3035633da41bdc6b712abd/connectrpc-0.11.1.tar.gz", hash = "sha256:18277f7838847b4271ca38d40c7d2387b5a2ea6a29f240689c19e1ec84aaff66", size = 46222, upload-time = "2026-07-15T06:33:31.601Z" }
wheels = [
    { url = "https://files.pythonhosted.org/packages/5c/ac/aa647675812cd075f2cb9acb00d62f4f2cbcbc6736049a62342b7371ce5b/connectrpc-0.11.1-py3-none-any.whl", hash = "sha256:8a52e2e92a485fa9681c1101a79a5ebeb31807e3ea3d5aabd41f484a6398bc7b", size = 64991, upload-time = "2026-07-15T06:33:29.396Z" },
]

[[package]]
name = "dockerfile-parse"
version = "2.0.1"
source = { registry = "https://pypi.org/simple" }
sdist = { url = "https://files.pythonhosted.org/packages/92/df/929ee0b5d2c8bd8d713c45e71b94ab57c7e11e322130724d54f469b2cd48/dockerfile-parse-2.0.1.tar.gz", hash = "sha256:3184ccdc513221983e503ac00e1aa504a2aa8f84e5de673c46b0b6eee99ec7bc", size = 24556, upload-time = "2023-07-18T13:36:07.897Z" }
wheels = [
    { url = "https://files.pythonhosted.org/packages/7a/6c/79cd5bc1b880d8c1a9a5550aa8dacd57353fa3bb2457227e1fb47383eb49/dockerfile_parse-2.0.1-py2.py3-none-any.whl", hash = "sha256:bdffd126d2eb26acf1066acb54cb2e336682e1d72b974a40894fac76a4df17f6", size = 14845, upload-time = "2023-07-18T13:36:06.052Z" },
]

[[package]]
name = "e2b"
version = "2.51.0"
source = { registry = "https://pypi.org/simple" }
dependencies = [
    { name = "attrs" },
    { name = "connectrpc" },
    { name = "dockerfile-parse" },
    { name = "h2" },
    { name = "httpx" },
    { name = "packaging" },
    { name = "protobuf-py" },
    { name = "pyqwest" },
    { name = "python-dateutil" },
    { name = "rich" },
    { name = "typing-extensions" },
    { name = "wcmatch" },
]
sdist = { url = "https://files.pythonhosted.org/packages/44/04/31a10aad90c6d9a55cd2f638b47b92fd867cc188127bc5087809b2b67628/e2b-2.51.0.tar.gz", hash = "sha256:902ee861b30c8ec3e46e7f84db8c993f30695872c7b4490efaad1627ec6e08ba", size = 229124, upload-time = "2026-09-18T12:06:54.814Z" }
wheels = [
    { url = "https://files.pythonhosted.org/packages/fb/75/882e5105b6f2ad8df3abff8701302f5dd4c41afa930a5ec0590c76e89c1b/e2b-2.51.0-py3-none-any.whl", hash = "sha256:951d0fd069f017e760b338a435bdb83589b4bfb9574fc5203a7f777e9cb994c2", size = 388512, upload-time = "2026-09-18T12:06:52.874Z" },
]

[[package]]
name = "e2b-code-interpreter"
version = "2.10.0"
source = { registry = "https://pypi.org/simple" }
dependencies = [
    { name = "attrs" },
    { name = "e2b" },
    { name = "httpx" },
]
sdist = { url = "https://files.pythonhosted.org/packages/c9/57/fbe0361dfc925d22d2d67c5763f7c32b1bf9a9a97ad2d1537e70f951cb67/e2b_code_interpreter-2.10.0.tar.gz", hash = "sha256:57fb7f9b9ad99ebbdf407619786fdb84e31537c2fbc8358c394aa0f0cbc1af28", size = 12164, upload-time = "2026-09-09T10:29:51.639Z" }
wheels = [
    { url = "https://files.pythonhosted.org/packages/dc/3a/e526f2c72800d893540f225502de0eab37e30cc9ea69ff1a00f15adb2061/e2b_code_interpreter-2.10.0-py3-none-any.whl", hash = "sha256:6ba776122086261875bc6033ef2dc42ac6b6e22cefdffdfd19d30e93bb09786f", size = 17790, upload-time = "2026-09-09T10:29:50.652Z" },
]

[[package]]
name = "e2b-hello-world"
version = "0.1.0"
source = { editable = "." }
dependencies = [
    { name = "e2b" },
    { name = "e2b-code-interpreter" },
    { name = "python-dotenv" },
]

[package.metadata]
requires-dist = [
    { name = "e2b", specifier = ">=2.39,<3" },
    { name = "e2b-code-interpreter", specifier = ">=2.9.0,<3" },
    { name = "python-dotenv", specifier = ">=1.0.1,<2" },
]

[[package]]
name = "h11"
version = "0.16.0"
source = { registry = "https://pypi.org/simple" }
sdist = { url = "https://files.pythonhosted.org/packages/01/ee/02a2c011bdab74c6fb3c75474d40b3052059d95df7e73351460c8588d963/h11-0.16.0.tar.gz", hash = "sha256:4e35b956cf45792e4caa5885e69fba00bdbc6ffafbfa020300e549b208ee5ff1", size = 101250, upload-time = "2025-04-24T03:35:25.427Z" }
wheels = [
    { url = "https://files.pythonhosted.org/packages/04/4b/29cac41a4d98d144bf5f6d33995617b185d14b22401f75ca86f384e87ff1/h11-0.16.0-py3-none-any.whl", hash = "sha256:63cf8bbe7522de3bf65932fda1d9c2772064ffb3dae62d55932da54b31cb6c86", size = 37515, upload-time = "2025-04-24T03:35:24.344Z" },
]

[[package]]
name = "h2"
version = "4.4.1"
source = { registry = "https://pypi.org/simple" }
dependencies = [
    { name = "hpack" },
    { name = "hyperframe" },
]
sdist = { url = "https://files.pythonhosted.org/packages/e7/85/7c366e69d84c17bb778fe41419e1fbcce3033d5b7ce29bbffff0a98b859f/h2-4.4.1.tar.gz", hash = "sha256:4e866ffb1a869ae14dd9b5e6beb5c24a13da0495ad72b65925ded182521c1516", size = 2157281, upload-time = "2026-08-03T11:45:09.509Z" }
wheels = [
    { url = "https://files.pythonhosted.org/packages/7e/22/e85faf23bd72a92d1921e37d674ca56eb298a3c8be31fdecef0ff2b3aaac/h2-4.4.1-py3-none-any.whl", hash = "sha256:0e25f1462b23c9cb82d9eb02e28bc706dac2a68cb457c6a0d74d63c8a2a5d0e6", size = 62636, upload-time = "2026-08-03T11:44:59.164Z" },
]

[[package]]
name = "hpack"
version = "4.2.0"
source = { registry = "https://pypi.org/simple" }
sdist = { url = "https://files.pythonhosted.org/packages/26/5b/fcabf6028144a8723726318b07a32c2f3314acdff6265743cf08a344b18e/hpack-4.2.0.tar.gz", hash = "sha256:0895cfa3b5531fc65fe439c05eb65144f123bf7a394fcaa56aa423548d8e45c0", size = 51300, upload-time = "2026-06-23T18:34:46.667Z" }
wheels = [
    { url = "https://files.pythonhosted.org/packages/71/b4/4a9fcfb2aef6ba44d9073ecd301443aa00b3dac95de5619f2a7de7ec8a91/hpack-4.2.0-py3-none-any.whl", hash = "sha256:858ac0b02280fa582b5080d68db0899c62a80375e0e5413a74970c5e518b6986", size = 34246, upload-time = "2026-06-23T18:34:45.472Z" },
]

[[package]]
name = "httpcore"
version = "1.0.9"
source = { registry = "https://pypi.org/simple" }
dependencies = [
    { name = "certifi" },
    { name = "h11" },
]
sdist = { url = "https://files.pythonhosted.org/packages/06/94/82699a10bca87a5556c9c59b5963f2d039dbd239f25bc2a63907a05a14cb/httpcore-1.0.9.tar.gz", hash = "sha256:6e34463af53fd2ab5d807f399a9b45ea31c3dfa2276f15a2c3f00afff6e176e8", size = 85484, upload-time = "2025-04-24T22:06:22.219Z" }
wheels = [
    { url = "https://files.pythonhosted.org/packages/7e/f5/f66802a942d491edb555dd61e3a9961140fd64c90bce1eafd741609d334d/httpcore-1.0.9-py3-none-any.whl", hash = "sha256:2d400746a40668fc9dec9810239072b40b4484b640a8c38fd654a024c7a1bf55", size = 78784, upload-time = "2025-04-24T22:06:20.566Z" },
]

[[package]]
name = "httpx"
version = "0.28.1"
source = { registry = "https://pypi.org/simple" }
dependencies = [
    { name = "anyio" },
    { name = "certifi" },
    { name = "httpcore" },
    { name = "idna" },
]
sdist = { url = "https://files.pythonhosted.org/packages/b1/df/48c586a5fe32a0f01324ee087459e112ebb7224f646c0b5023f5e79e9956/httpx-0.28.1.tar.gz", hash = "sha256:75e98c5f16b0f35b567856f597f06ff2270a374470a5c2392242528e3e3e42fc", size = 141406, upload-time = "2024-12-06T15:37:23.222Z" }
wheels = [
    { url = "https://files.pythonhosted.org/packages/2a/39/e50c7c3a983047577ee07d2a9e53faf5a69493943ec3f6a384bdc792deb2/httpx-0.28.1-py3-none-any.whl", hash = "sha256:d909fcccc110f8c7faf814ca82a9a4d816bc5a6dbfea25d6591d6985b8ba59ad", size = 73517, upload-time = "2024-12-06T15:37:21.509Z" },
]

[[package]]
name = "hyperframe"
version = "6.1.0"
source = { registry = "https://pypi.org/simple" }
sdist = { url = "https://files.pythonhosted.org/packages/02/e7/94f8232d4a74cc99514c13a9f995811485a6903d48e5d952771ef6322e30/hyperframe-6.1.0.tar.gz", hash = "sha256:f630908a00854a7adeabd6382b43923a4c4cd4b821fcb527e6ab9e15382a3b08", size = 26566, upload-time = "2025-01-22T21:41:49.302Z" }
wheels = [
    { url = "https://files.pythonhosted.org/packages/48/30/47d0bf6072f7252e6521f3447ccfa40b421b6824517f82854703d0f5a98b/hyperframe-6.1.0-py3-none-any.whl", hash = "sha256:b03380493a519fce58ea5af42e4a42317bf9bd425596f7a0835ffce80f1a42e5", size = 13007, upload-time = "2025-01-22T21:41:47.295Z" },
]

[[package]]
name = "idna"
version = "3.20"
source = { registry = "https://pypi.org/simple" }
sdist = { url = "https://files.pythonhosted.org/packages/f5/08/8eea9d4b8302028f3abb2c0813953f7aec26d33b7a8960ed760e65ff29fa/idna-3.20.tar.gz", hash = "sha256:a7db850025b95ded1eae8a46181a1a6c56c92c96f0e2b005d9ff8dc0210cab44", size = 216463, upload-time = "2026-09-17T14:11:04.752Z" }
wheels = [
    { url = "https://files.pythonhosted.org/packages/58/a2/bb081bab032533a855d44de1d56f8e8426114ff1ba5d1f07a438a0a654f8/idna-3.20-py3-none-any.whl", hash = "sha256:ab7ae7122974553370f0bdb919e1a960b2cd1bc1ef0276416d896db81c14582c", size = 69583, upload-time = "2026-09-17T14:11:03.168Z" },
]

[[package]]
name = "markdown-it-py"
version = "4.2.0"
source = { registry = "https://pypi.org/simple" }
dependencies = [
    { name = "mdurl" },
]
sdist = { url = "https://files.pythonhosted.org/packages/06/ff/7841249c247aa650a76b9ee4bbaeae59370dc8bfd2f6c01f3630c35eb134/markdown_it_py-4.2.0.tar.gz", hash = "sha256:04a21681d6fbb623de53f6f364d352309d4094dd4194040a10fd51833e418d49", size = 82454, upload-time = "2026-05-07T12:08:28.36Z" }
wheels = [
    { url = "https://files.pythonhosted.org/packages/b3/81/4da04ced5a082363ecfa159c010d200ecbd959ae410c10c0264a38cac0f5/markdown_it_py-4.2.0-py3-none-any.whl", hash = "sha256:9f7ebbcd14fe59494226453aed97c1070d83f8d24b6fc3a3bcf9a38092641c4a", size = 91687, upload-time = "2026-05-07T12:08:27.182Z" },
]

[[package]]
name = "mdurl"
version = "0.1.2"
source = { registry = "https://pypi.org/simple" }
sdist = { url = "https://files.pythonhosted.org/packages/d6/54/cfe61301667036ec958cb99bd3efefba235e65cdeb9c84d24a8293ba1d90/mdurl-0.1.2.tar.gz", hash = "sha256:bb413d29f5eea38f31dd4754dd7377d4465116fb207585f97bf925588687c1ba", size = 8729, upload-time = "2022-08-14T12:40:10.846Z" }
wheels = [
    { url = "https://files.pythonhosted.org/packages/b3/38/89ba8ad64ae25be8de66a6d463314cf1eb366222074cfda9ee839c56a4b4/mdurl-0.1.2-py3-none-any.whl", hash = "sha256:84008a41e51615a49fc9966191ff91509e3c40b939176e643fd50a5c2196b8f8", size = 9979, upload-time = "2022-08-14T12:40:09.779Z" },
]

[[package]]
name = "opentelemetry-api"
version = "1.45.0"
source = { registry = "https://pypi.org/simple" }
dependencies = [
    { name = "typing-extensions" },
]
sdist = { url = "https://files.pythonhosted.org/packages/1f/dc/e12c1fe1ed8a7b7149777127b1a0e12ce5bd5a81d97408bedc2128c260f5/opentelemetry_api-1.45.0.tar.gz", hash = "sha256:711ede81773c8025c2c03dac0450bc89f3d30aea6eabcc815c570d4e35a963f7", size = 72115, upload-time = "2026-09-25T12:32:28.399Z" }
wheels = [
    { url = "https://files.pythonhosted.org/packages/44/b9/040d1a1c7836922828e6480cd2366bb8fe0ebf75b413d2bb51a9b0e7f78f/opentelemetry_api-1.45.0-py3-none-any.whl", hash = "sha256:80e068aba7cd56c8b58512d6a36f8d25cb1dfaa0c0a4cc1c938ccf9f362d9cb3", size = 60020, upload-time = "2026-09-25T12:32:03.192Z" },
]

[[package]]
name = "packaging"
version = "26.3"
source = { registry = "https://pypi.org/simple" }
sdist = { url = "https://files.pythonhosted.org/packages/7d/fa/3944b40b07da9ce895c0e6303a5ab7d53da063554f534556b134a54d6093/packaging-26.3.tar.gz", hash = "sha256:94edc256424af38762eb31306eed28beb9f0efc50a8837492c9d6fd6004aed79", size = 313412, upload-time = "2026-08-04T18:15:28.737Z" }
wheels = [
    { url = "https://files.pythonhosted.org/packages/63/34/ba1c580383c9eada3711951fef0795c80b829a078d72188184bcab9dd527/packaging-26.3-py3-none-any.whl", hash = "sha256:d7193f7c8e4e93f444fde0262bf90af30e16fa0ad0ad44cb553c87339b23cd1c", size = 129956, upload-time = "2026-08-04T18:15:27.159Z" },
]

[[package]]
name = "protobuf-py"
version = "0.1.1"
source = { registry = "https://pypi.org/simple" }
dependencies = [
    { name = "protobuf-py-ext", marker = "(platform_machine == 'arm64' and platform_python_implementation == 'CPython' and sys_platform == 'darwin') or (platform_machine == 'aarch64' and platform_python_implementation == 'CPython' and sys_platform == 'linux') or (platform_machine == 'x86_64' and platform_python_implementation == 'CPython' and sys_platform == 'linux') or (platform_machine == 'AMD64' and platform_python_implementation == 'CPython' and sys_platform == 'win32') or (platform_machine == 'ARM64' and platform_python_implementation == 'CPython' and sys_platform == 'win32')" },
]
sdist = { url = "https://files.pythonhosted.org/packages/72/ed/02fd902d9c51b7ff53dfc9a745eb11490722edfd30073af889e171f07b8e/protobuf_py-0.1.1.tar.gz", hash = "sha256:6bd08ac4d8f1661965bbe2685429d79043704cdd1ee720a7a89617331742240b", size = 133525, upload-time = "2026-06-24T19:02:15.271Z" }
wheels = [
    { url = "https://files.pythonhosted.org/packages/fd/00/1b3775aca1c70e3007e06ef5996f6bb9b3a32341eb0cce3ffb6effad8dec/protobuf_py-0.1.1-py3-none-any.whl", hash = "sha256:efc4f50f275ed6dae10a1f30bb81ad1a75368557b3ff22a532b7a472050368f1", size = 181656, upload-time = "2026-06-24T19:01:29.556Z" },
]

[[package]]
name = "protobuf-py-ext"
version = "0.1.1"
source = { registry = "https://pypi.org/simple" }
sdist = { url = "https://files.pythonhosted.org/packages/2f/05/6dc9ccff1e8159eb9a144e6d3c4acfd2211cd4fcd20c34fe9155d17d6a7f/protobuf_py_ext-0.1.1.tar.gz", hash = "sha256:e85bfdfdb3ed50634db8ccc7429dd9286520109489c735463971a418707b4fef", size = 31912, upload-time = "2026-06-24T19:02:16.321Z" }
wheels = [
    { url = "https://files.pythonhosted.org/packages/19/70/2b5d62a60a2e0d88ecde1ae98db3132bcd2672fb39c8d581b82b34ac0bd8/protobuf_py_ext-0.1.1-cp310-abi3-macosx_11_0_arm64.whl", hash = "sha256:310039e03cb15181781a0b78017419f6d4ee302e988c3c70b87f1facdf05532d", size = 306008, upload-time = "2026-06-24T19:01:31.399Z" },
    { url = "https://files.pythonhosted.org/packages/2d/d6/73c06bb4cac2e04c0adc154965fe8b6520224bd737fd7e73bba405056321/protobuf_py_ext-0.1.1-cp310-abi3-manylinux_2_17_aarch64.manylinux2014_aarch64.whl", hash = "sha256:89ec8348d1ba045f79b2fedd14e40cca36f2a41b52f2c4fdf55a60c58add2353", size = 314769, upload-time = "2026-06-24T19:01:32.89Z" },
    { url = "https://files.pythonhosted.org/packages/18/c5/e4e6bc6096b66d1c82639a1b501147f16ee65d32567304b987d002e2c666/protobuf_py_ext-0.1.1-cp310-abi3-manylinux_2_17_x86_64.manylinux2014_x86_64.whl", hash = "sha256:182798e4861aba72d05855bd06febe4926aa7265e6f444a1b8af5252beee4f7e", size = 328122, upload-time = "2026-06-24T19:01:34.394Z" },
    { url = "https://files.pythonhosted.org/packages/b0/4b/1d792a40d0f0a0f914f1dfa8bb5e9573ca0ecd5fe5cecf80d77193212abd/protobuf_py_ext-0.1.1-cp310-abi3-musllinux_1_2_aarch64.whl", hash = "sha256:9eb25c3a329c0551cc86b209a5e5d8ecb8d834b9924a3aa019377853a703b6d3", size = 492338, upload-time = "2026-06-24T19:01:36.103Z" },
    { url = "https://files.pythonhosted.org/packages/52/51/5ad329223c905e5c530cae38ae24cde3584d8ab7e09457f2a01afce80e60/protobuf_py_ext-0.1.1-cp310-abi3-musllinux_1_2_x86_64.whl", hash = "sha256:aaecbde82bef10c7c40578cbb61b7a19896bf7fa450972050a3bb302acb7d5d6", size = 541578, upload-time = "2026-06-24T19:01:37.481Z" },
    { url = "https://files.pythonhosted.org/packages/ed/c7/01bd8a8bfe2df4b07aafac12ccfb7b7ebe2303f65296a9e02fcafa28ff3e/protobuf_py_ext-0.1.1-cp310-abi3-win_amd64.whl", hash = "sha256:6b0c615c48e95acc53cf33e9310eeaff8b30d2d7555bf93e7bca8fb4f40e9a5c", size = 251319, upload-time = "2026-06-24T19:01:38.946Z" },
    { url = "https://files.pythonhosted.org/packages/24/dc/914065538b5db54b6a920b5af38c1ef142252ea1eea711820435fa259fac/protobuf_py_ext-0.1.1-cp310-abi3-win_arm64.whl", hash = "sha256:72956cd0af5dee24b41c6f5ba5e42622d17e6d555002b5efc1634e27a1446de2", size = 241635, upload-time = "2026-06-24T19:01:40.301Z" },
    { url = "https://files.pythonhosted.org/packages/13/a5/0b5d73cab815fd50615cb87a02e04e8332f9e27380c890aba1459cf7e919/protobuf_py_ext-0.1.1-cp312-cp312-macosx_11_0_arm64.whl", hash = "sha256:c6f0cd58620f415a3534d195358338f4999a774e12510f91c592b38d13d37388", size = 304903, upload-time = "2026-06-24T19:01:41.796Z" },
    { url = "https://files.pythonhosted.org/packages/37/a9/14c120b9ac36a0e11bb05e482fa6ae322de583a8e1068e4859035c289947/protobuf_py_ext-0.1.1-cp312-cp312-manylinux_2_17_aarch64.manylinux2014_aarch64.whl", hash = "sha256:21572764f625d829604fc4d83635f533f35775f11c6da142345b3f3c8d64bd09", size = 316148, upload-time = "2026-06-24T19:01:43.247Z" },
    { url = "https://files.pythonhosted.org/packages/35/54/7c00a1a9783c3ba74f6b2f5d2f049f09037bbd489c465c09a34f32fb611b/protobuf_py_ext-0.1.1-cp312-cp312-manylinux_2_17_x86_64.manylinux2014_x86_64.whl", hash = "sha256:e7f14f00c2678bfbe7ad46f057b9f9938c1677bcf39e405e163e272c6f9814b8", size = 326458, upload-time = "2026-06-24T19:01:44.655Z" },
    { url = "https://files.pythonhosted.org/packages/0d/0e/81fa50c0d6c4d664e5be6d0a3c4f2c7edfef87ab12d0bac764abca1f2955/protobuf_py_ext-0.1.1-cp312-cp312-musllinux_1_2_aarch64.whl", hash = "sha256:1610865622e2e27568277ca63d8d2d23dcc55eaa767398865c21539ddf4ce24d", size = 493596, upload-time = "2026-06-24T19:01:46.344Z" },
    { url = "https://files.pythonhosted.org/packages/56/19/3183cf6e4de62846c20549654a1d573dae51ca06aaf7fed06accdfab74f6/protobuf_py_ext-0.1.1-cp312-cp312-musllinux_1_2_x86_64.whl", hash = "sha256:8995efba9476e1ea18ef9873306871dba697308994bc2766558fec3387acc3de", size = 539656, upload-time = "2026-06-24T19:01:48.21Z" },
    { url = "https://files.pythonhosted.org/packages/a4/6c/09841f3dbe7c3d4b3f2779f8f2832ac23fb96ac8ab71674e91af732cf9ff/protobuf_py_ext-0.1.1-cp313-cp313-macosx_11_0_arm64.whl", hash = "sha256:ba61d49dace8f874361583030a7c48139b42eb37c9ffbb1e7e8a227a51576f44", size = 305017, upload-time = "2026-06-24T19:01:49.84Z" },
    { url = "https://files.pythonhosted.org/packages/52/43/e450b5e202f6715274acc9acd9f9769908cbdeab861a53c798fcbd467d35/protobuf_py_ext-0.1.1-cp313-cp313-manylinux_2_17_aarch64.manylinux2014_aarch64.whl", hash = "sha256:9a9c2f026096ca4c595c89a297067ef371e241d3ff8e1f6d7c779aa8419cdca7", size = 316215, upload-time = "2026-06-24T19:01:51.249Z" },
    { url = "https://files.pythonhosted.org/packages/97/5c/23e79b35f1b5755b9bdc0c0c9b8cd8abababaef1a1639608d8a96bb61a9d/protobuf_py_ext-0.1.1-cp313-cp313-manylinux_2_17_x86_64.manylinux2014_x86_64.whl", hash = "sha256:cf78707a040b9294e5e1ec4a1875f0046acfe52e92150cea27de4e9fc9db39bb", size = 326419, upload-time = "2026-06-24T19:01:52.93Z" },
    { url = "https://files.pythonhosted.org/packages/e8/de/5493de0ec12920a3b1dd72608ce0c1e8cdb7e0eb9e87accaecc5216df29e/protobuf_py_ext-0.1.1-cp313-cp313-musllinux_1_2_aarch64.whl", hash = "sha256:ae4373845cbb85bdade3ef5368cc2f4b5f80bf173383afc1ab063f95644e5599", size = 493734, upload-time = "2026-06-24T19:01:54.301Z" },
    { url = "https://files.pythonhosted.org/packages/98/89/31da55b414e6332aad11d858e9a86bd36fbb324f52fa3fc6d8f1c57840a9/protobuf_py_ext-0.1.1-cp313-cp313-musllinux_1_2_x86_64.whl", hash = "sha256:2a4cc478eef7a2acc1daaebcde479a3ac2396d47e6bdc7e776ca4c4147ba8b4c", size = 539703, upload-time = "2026-06-24T19:01:55.707Z" },
    { url = "https://files.pythonhosted.org/packages/1c/71/39f231838ef06476d46ac40dd814894277a732a3688c0a0c994850b3b62f/protobuf_py_ext-0.1.1-cp314-cp314-macosx_11_0_arm64.whl", hash = "sha256:359dccdc1c3eafed2a913c570bb082b8df848a1d27d548ce8385f246a7d68be2", size = 302145, upload-time = "2026-06-24T19:01:57.116Z" },
    { url = "https://files.pythonhosted.org/packages/87/f1/01c81ff5f420600366a0e6a613ce2af20834534d2b3d7523f4f3b4ddb54f/protobuf_py_ext-0.1.1-cp314-cp314-manylinux_2_17_aarch64.manylinux2014_aarch64.whl", hash = "sha256:91c38b4a10a306366443273ee03ca554537a0965bf05b7ada8e7dbdee04cc93e", size = 314541, upload-time = "2026-06-24T19:01:58.745Z" },
    { url = "https://files.pythonhosted.org/packages/86/d8/1cbf5a0298ceddc0cdbb28bf1ecaf8bd3cff54ed4ced6a1392d5226172fc/protobuf_py_ext-0.1.1-cp314-cp314-manylinux_2_17_x86_64.manylinux2014_x86_64.whl", hash = "sha256:79eee3bcbb289d6ea114eb8fe3a1469c5b59bf53e207238469f567d9c53ba56f", size = 325092, upload-time = "2026-06-24T19:02:00.382Z" },
    { url = "https://files.pythonhosted.org/packages/af/23/8b1694616044cbfec2d18d4c6fffb03e05089c8bdb5970c6bafd60cc7fd5/protobuf_py_ext-0.1.1-cp314-cp314-musllinux_1_2_aarch64.whl", hash = "sha256:10992141a8282a71ac3e3530d1a489efb27618d84000b9a47918cf70e5816d9b", size = 491684, upload-time = "2026-06-24T19:02:01.862Z" },
    { url = "https://files.pythonhosted.org/packages/49/d8/99997a7a6cf6989c944d9183c5deb6a045c27460add0316c7b34763891b3/protobuf_py_ext-0.1.1-cp314-cp314-musllinux_1_2_x86_64.whl", hash = "sha256:4411ffe0e06a774b83c5c71c546ce097640a25f596c45f95f53d3e3148e3f22d", size = 538048, upload-time = "2026-06-24T19:02:03.362Z" },
    { url = "https://files.pythonhosted.org/packages/15/3c/9e99ecbb68e1d5b46016d821eb1cbba9a91e6b50e71e75faf0c1e6189f0d/protobuf_py_ext-0.1.1-cp314-cp314t-macosx_11_0_arm64.whl", hash = "sha256:55a17d80ea419501ff221a6627523f38a431bb33e6aa3de81ae3a7f271c49c75", size = 296337, upload-time = "2026-06-24T19:02:04.787Z" },
    { url = "https://files.pythonhosted.org/packages/af/f2/305338a28225fb54b28d6c3f5948109b9088b329a2b6f77ca610c2bdcd34/protobuf_py_ext-0.1.1-cp314-cp314t-manylinux_2_17_aarch64.manylinux2014_aarch64.whl", hash = "sha256:9dbb518b5638403ceaa08ac4fc7dac626f45ed9b856b3517de3906cf3de4d632", size = 308961, upload-time = "2026-06-24T19:02:06.185Z" },
    { url = "https://files.pythonhosted.org/packages/60/f9/416103c93677ff2ea407704ea64fa6de9e700dc030c48360a182d91ce373/protobuf_py_ext-0.1.1-cp314-cp314t-manylinux_2_17_x86_64.manylinux2014_x86_64.whl", hash = "sha256:8a4adc65ab6a5e4885c67fc808bcacb83d755d05b566d312a0e10c2a873f2ad4", size = 321895, upload-time = "2026-06-24T19:02:07.714Z" },
    { url = "https://files.pythonhosted.org/packages/5a/83/eb3e81bb2f83834b7deff4cee2d56eeb1adcbc847492a56b7f910ab257db/protobuf_py_ext-0.1.1-cp314-cp314t-musllinux_1_2_aarch64.whl", hash = "sha256:e97f45c49676efacfb8e95bfcb1a002bc337e618a6780be1e55df2ba5ebd2f1e", size = 486091, upload-time = "2026-06-24T19:02:09.243Z" },
    { url = "https://files.pythonhosted.org/packages/99/96/bd88fca38556b3105e4dd41d6a176e31dcc583fe979e830aeedd2f8c20ee/protobuf_py_ext-0.1.1-cp314-cp314t-musllinux_1_2_x86_64.whl", hash = "sha256:53a6b3590f6aa7f97b8ed60f62fef9b096babfeae82f7283fd3a4c405827d4f8", size = 534582, upload-time = "2026-06-24T19:02:11.227Z" },
]

[[package]]
name = "pygments"
version = "2.21.0"
source = { registry = "https://pypi.org/simple" }
sdist = { url = "https://files.pythonhosted.org/packages/49/2e/ced460408999b33da6b31b0021b0f37d329e202d4169aeb164493778f25b/pygments-2.21.0.tar.gz", hash = "sha256:610ca751c9bc2492b38eb9a38a7fbc93edbbb2d7182edaf34e66ae493dee5c8c", size = 5005329, upload-time = "2026-08-17T08:02:48.824Z" }
wheels = [
    { url = "https://files.pythonhosted.org/packages/71/46/17f022dd3e953bf20a04a028a21ec746d942f8d2af30fa0f124fa0e6a684/pygments-2.21.0-py3-none-any.whl", hash = "sha256:2363c69b61c4a97c838da3b130dcd6468f4848992b21a82f2a63ec34377137d9", size = 1250147, upload-time = "2026-08-17T08:02:44.912Z" },
]

[[package]]
name = "pyqwest"
version = "0.10.0"
source = { registry = "https://pypi.org/simple" }
dependencies = [
    { name = "opentelemetry-api" },
]
sdist = { url = "https://files.pythonhosted.org/packages/07/ee/0ff9facfa9e7a4f6df2a770d4eaf1ad0f74165da7e8c28e888461f07604c/pyqwest-0.10.0.tar.gz", hash = "sha256:6c1a693be17d57d2c2eca4085e32c2809c53090c16719a907c90ebcf1f40dc01", size = 482248, upload-time = "2026-08-21T06:09:20.656Z" }
wheels = [
    { url = "https://files.pythonhosted.org/packages/43/ee/b1a28f57c689606cfd065d8a553841150f7daaa91d20e58dcc2c5ea191f8/pyqwest-0.10.0-cp310-abi3-macosx_10_12_x86_64.whl", hash = "sha256:aa492d5777dd145a60795ed95d9d4707a3cd1091fdcdfc93a82ac7fdc43ebacd", size = 5261059, upload-time = "2026-08-21T06:08:04.999Z" },
    { url = "https://files.pythonhosted.org/packages/dc/13/9c5046cfd6ef705bde0b620ba8a794335bcabc0839342a2a647f2427b27e/pyqwest-0.10.0-cp310-abi3-macosx_11_0_arm64.whl", hash = "sha256:59f3f16628e518c674102e7b5fcff2101bba6abb4f6737ec5fade9b9278e6a53", size = 5134207, upload-time = "2026-08-21T06:08:06.955Z" },
    { url = "https://files.pythonhosted.org/packages/93/7d/50021dd88d82d6966ab1c27593ceaee9d1ed62fbe597c40e8dc187cfa5fd/pyqwest-0.10.0-cp310-abi3-manylinux_2_17_aarch64.manylinux2014_aarch64.whl", hash = "sha256:d6e7db305a8318b1f3218053e87501f8f245ca8bd63e948e0282d04bf0883470", size = 5640730, upload-time = "2026-08-21T06:08:09.135Z" },
    { url = "https://files.pythonhosted.org/packages/ff/3f/5bf6c32e9e701837a8c47ce6e3ad38978cfec8eb7bc6596181e5f9e1eaeb/pyqwest-0.10.0-cp310-abi3-manylinux_2_17_x86_64.manylinux2014_x86_64.whl", hash = "sha256:a5c757cfac5f53c8671dcb4850d5fc4c4339ea3e90636331c9318f8e3ddabc06", size = 5561462, upload-time = "2026-08-21T06:08:10.836Z" },
    { url = "https://files.pythonhosted.org/packages/5f/61/ca9ba5721461b7ce5cfaac373ab3a1723ddcc434af7430f8bd628da6e623/pyqwest-0.10.0-cp310-abi3-musllinux_1_2_aarch64.whl", hash = "sha256:234b3f71e3f314d997c203d8cf829b7117edd041153f9c277d0060ab90134148", size = 5801847, upload-time = "2026-08-21T06:08:12.502Z" },
    { url = "https://files.pythonhosted.org/packages/d2/44/95593919b996a417093f598d887822b9b899e8d025588c9bfaf8c60dd812/pyqwest-0.10.0-cp310-abi3-musllinux_1_2_x86_64.whl", hash = "sha256:5637256a0dac0ef57e0eaa02b032014965e4a4c995e1deca1b1b97e6d1765f78", size = 5978692, upload-time = "2026-08-21T06:08:14.383Z" },
    { url = "https://files.pythonhosted.org/packages/a5/b9/b2821ce5188457168ebb25d5ff65b1ca1bf27bc6b4a33df4bcc2357e625c/pyqwest-0.10.0-cp310-abi3-win_amd64.whl", hash = "sha256:7ea761937acf3a00d1a7e70e982949d18946e5471d1419266ab3a78bbfa19759", size = 4876627, upload-time = "2026-08-21T06:08:16.084Z" },
    { url = "https://files.pythonhosted.org/packages/86/b4/16ccef1c203fa258ce46a86aefc1a79c13b5f0b8d49627347d90eef25efd/pyqwest-0.10.0-cp312-cp312-macosx_10_12_x86_64.whl", hash = "sha256:a21f1f15252a8303623b4f17b9c6de595ace11b3ade07f2adb6d07121e8191aa", size = 5274815, upload-time = "2026-08-21T06:08:17.777Z" },
    { url = "https://files.pythonhosted.org/packages/5f/61/6a87f84f571441ea43279587d4bfcad4543505918ae2b83a1ebdcfa98be5/pyqwest-0.10.0-cp312-cp312-macosx_11_0_arm64.whl", hash = "sha256:eb472c6e5d6833ebfec79db310e426eb17b01ac64c0e2c251bd9192c0d2ee0c5", size = 5123656, upload-time = "2026-08-21T06:08:19.501Z" },
    { url = "https://files.pythonhosted.org/packages/8b/f2/ab69e581cf9b798b0e169f7b27fd3f8b6f9f1631bd4d3b6e22e5abaf8d8b/pyqwest-0.10.0-cp312-cp312-manylinux_2_17_aarch64.manylinux2014_aarch64.whl", hash = "sha256:83578e24cccd5e0dc04d60a0af7bfb43325b5f22d03ff74ff79ed0ecf553b50d", size = 5641253, upload-time = "2026-08-21T06:08:21.627Z" },
    { url = "https://files.pythonhosted.org/packages/9f/dd/f1a62eebf8321ace506bd94551a01431f6a45b882225455eae3ea6e8c6d1/pyqwest-0.10.0-cp312-cp312-manylinux_2_17_x86_64.manylinux2014_x86_64.whl", hash = "sha256:6bb511c434f79c641efb5573e5795e56dc972252f4b96e52a9636d4ece5231a4", size = 5567341, upload-time = "2026-08-21T06:08:23.346Z" },
    { url = "https://files.pythonhosted.org/packages/4c/48/51d767691973e046887f5e6d96e32142fe296823b163ccba732233a6ef72/pyqwest-0.10.0-cp312-cp312-musllinux_1_2_aarch64.whl", hash = "sha256:1aaccd8a9db9430b2aedb5bad8ead80742cbc056b85c229516c70dc80539f906", size = 5803874, upload-time = "2026-08-21T06:08:25.096Z" },
    { url = "https://files.pythonhosted.org/packages/58/0a/d2834ccc6e59ad110718895cc65ff2a68aa6e010f0ba8fbe42a57ea33c21/pyqwest-0.10.0-cp312-cp312-musllinux_1_2_x86_64.whl", hash = "sha256:73d9eb438ab4a957a1ce0619d3af8c1c1126bfb9181033b123d792fcf4224531", size = 5981518, upload-time = "2026-08-21T06:08:27.594Z" },
    { url = "https://files.pythonhosted.org/packages/75/f3/274b4c268e9a55fbdb1b3637ac50b5bf42cd3a85d1cfbdc15c602a7b0d9c/pyqwest-0.10.0-cp312-cp312-win_amd64.whl", hash = "sha256:317a74d633abe3bc5bccabf479e069c515dab9e6a755274b0ccb1d8a5bbfede3", size = 4870638, upload-time = "2026-08-21T06:08:29.421Z" },
    { url = "https://files.pythonhosted.org/packages/8d/3d/8b1092f25159bf61a9470ebd35438c669b91ef553a7ee205bdec8006107b/pyqwest-0.10.0-cp313-cp313-macosx_10_12_x86_64.whl", hash = "sha256:3978e794b9cfd8eaa500fb5d7aee63bc6172c605efa0abc1f62d85485bc049e1", size = 5273599, upload-time = "2026-08-21T06:08:31.107Z" },
    { url = "https://files.pythonhosted.org/packages/75/10/54a9786123942b124c2afb9562b74e158afec7be40ef0caa0d37f615d379/pyqwest-0.10.0-cp313-cp313-macosx_11_0_arm64.whl", hash = "sha256:715991fd4f04862cd7a9d7452daabcdbd74dff4dff55eb20c22d60382dc2a4ed", size = 5122920, upload-time = "2026-08-21T06:08:33.025Z" },
    { url = "https://files.pythonhosted.org/packages/a2/5b/6a6bd76f91e068b9a619f62aef9fe5ef201f859ddbb6b0a11ad3875ecdda/pyqwest-0.10.0-cp313-cp313-manylinux_2_17_aarch64.manylinux2014_aarch64.whl", hash = "sha256:c04798bed79c1dfa0e5b0e30fb137124311083490d44d6dfbe068d3dd254349e", size = 5639577, upload-time = "2026-08-21T06:08:34.896Z" },
    { url = "https://files.pythonhosted.org/packages/68/28/12277a24a8dd74b0a7f124c624d9ed58eccb41e2087ff1087a14d348c778/pyqwest-0.10.0-cp313-cp313-manylinux_2_17_x86_64.manylinux2014_x86_64.whl", hash = "sha256:35b472877e73dd63fed089c2bc8fa198407f005c8c19e0a93f025ebefde01a81", size = 5565835, upload-time = "2026-08-21T06:08:36.567Z" },
    { url = "https://files.pythonhosted.org/packages/9e/b6/b7da4a3f1fe43600154ae75e91ba7969024d886d60077dd3a1ba8e66d170/pyqwest-0.10.0-cp313-cp313-musllinux_1_2_aarch64.whl", hash = "sha256:564ec360b7848b35e009038ffbca00466305a9708ab21829477f64aa8cad4c64", size = 5803078, upload-time = "2026-08-21T06:08:38.362Z" },
    { url = "https://files.pythonhosted.org/packages/0c/6f/0c9ba210f49f232289afaa8f06369c5f135ac786e1ca0cb22243b7f1fe2c/pyqwest-0.10.0-cp313-cp313-musllinux_1_2_x86_64.whl", hash = "sha256:b5c80e88a5967c1cadb3237c450f91a84a3683f8838c8dca96f09fee3612e762", size = 5980431, upload-time = "2026-08-21T06:08:39.967Z" },
    { url = "https://files.pythonhosted.org/packages/9b/f5/306eeed41a3cd3100247e6e442f4345277b70f1d24efe1641181b14839cd/pyqwest-0.10.0-cp313-cp313-win_amd64.whl", hash = "sha256:dc3d80b402fb59dbe015e25993ac8147456fb231a4c949f92a89f31315ad50f9", size = 4870198, upload-time = "2026-08-21T06:08:41.687Z" },
    { url = "https://files.pythonhosted.org/packages/64/18/0086a408e7cbf39dab18fa5b7e42c969a98382da5a4e6debe40f05acc6a1/pyqwest-0.10.0-cp314-cp314-macosx_10_12_x86_64.whl", hash = "sha256:23a28beb55fa6d975949bffae4adfb69378f3229bb5cbd71231e95bf66f5b26c", size = 5274542, upload-time = "2026-08-21T06:08:43.323Z" },
    { url = "https://files.pythonhosted.org/packages/0c/7b/e1b9aaaf7596e4faaa53cefc2efaca4e3cde721e308e6385e366361cfdcc/pyqwest-0.10.0-cp314-cp314-macosx_11_0_arm64.whl", hash = "sha256:e4415ae40b8eedb1713dab14d7f9fecc3f79d26f3206c561087b88b99d5ce24b", size = 5127922, upload-time = "2026-08-21T06:08:45.116Z" },
    { url = "https://files.pythonhosted.org/packages/75/cd/e6d68bb1de5dd26100fcfc878cbd67c402a928774edf1e8ae304c5a84f5b/pyqwest-0.10.0-cp314-cp314-manylinux_2_17_aarch64.manylinux2014_aarch64.whl", hash = "sha256:14b875d2273212d7fa8e4b755d8d736ffd226b1c707a9c0017dfdc8393a96eca", size = 5645856, upload-time = "2026-08-21T06:08:47.055Z" },
    { url = "https://files.pythonhosted.org/packages/f7/48/8c9f9f0467c41f6a563146d57a52f8f6d60c0cb09d0fd3ef88ad5a1c442f/pyqwest-0.10.0-cp314-cp314-manylinux_2_17_x86_64.manylinux2014_x86_64.whl", hash = "sha256:b5071491e416ea54e3b95bf9ffbed0bd065b093cb96e10a75c3d8f2cbe3c9823", size = 5569831, upload-time = "2026-08-21T06:08:48.78Z" },
    { url = "https://files.pythonhosted.org/packages/16/ac/c85ab70c6c72078d49a82da76b820e46aaf95a3f6fe271dac955ac195d21/pyqwest-0.10.0-cp314-cp314-musllinux_1_2_aarch64.whl", hash = "sha256:b68b5e68d513a4c63a072f8f40e38015160cf90bfbf7e8ef7c3935ca87e9e022", size = 5806735, upload-time = "2026-08-21T06:08:50.652Z" },
    { url = "https://files.pythonhosted.org/packages/66/db/ad7375b22fb2d0807431dcc9bc2aaf840e374c298cd15071024d5f6dd6d1/pyqwest-0.10.0-cp314-cp314-musllinux_1_2_x86_64.whl", hash = "sha256:c48910d27820b9c46fcd001b0fe514a3cf47d4784f59512dcdb8c91c395f82e4", size = 5984786, upload-time = "2026-08-21T06:08:52.377Z" },
    { url = "https://files.pythonhosted.org/packages/17/88/c449a772afe129683fd7acc657cbc7c69bec085dc75b6e8710a50fbb44e7/pyqwest-0.10.0-cp314-cp314-win_amd64.whl", hash = "sha256:d03ba2cd17948b623a6210981d342eb122546d8a8e910ec77511aff4b1acdd00", size = 4872288, upload-time = "2026-08-21T06:08:54.101Z" },
    { url = "https://files.pythonhosted.org/packages/3d/f8/439ffc0ee12cd7d9b57ac07ccea78ad3ba66b0d6817d429dd661d73308c4/pyqwest-0.10.0-cp314-cp314t-macosx_10_12_x86_64.whl", hash = "sha256:07a0eb595f4096232c2d22549b6e4612c1ecada7934e46462c2c37ce14a89cfb", size = 5256823, upload-time = "2026-08-21T06:08:55.681Z" },
    { url = "https://files.pythonhosted.org/packages/df/2b/72ecd27d104d2b4284710194cce796d607674966c3ea66436768e812a66a/pyqwest-0.10.0-cp314-cp314t-macosx_11_0_arm64.whl", hash = "sha256:26401baf7dafc71c8d12d2e8389519d141e6f7c14094d0dd4cf9ec1d3b5555bd", size = 5112624, upload-time = "2026-08-21T06:08:57.366Z" },
    { url = "https://files.pythonhosted.org/packages/a4/24/0fb89c3f7d5a0410fcb7560588b4c741ef24b19195c307d4263f04e75c2b/pyqwest-0.10.0-cp314-cp314t-manylinux_2_17_aarch64.manylinux2014_aarch64.whl", hash = "sha256:e5e3c436e041d8873ce5bb0fdcf9f9e86f5604e8f0ef9e03149efebd8cb474f6", size = 5631844, upload-time = "2026-08-21T06:08:59.165Z" },
    { url = "https://files.pythonhosted.org/packages/4c/4f/921d14754a186f0143ad62b50108dd808328e347e98e9dafab3897eeb405/pyqwest-0.10.0-cp314-cp314t-manylinux_2_17_x86_64.manylinux2014_x86_64.whl", hash = "sha256:09364115761579eabfc79d1e954cdb3ded508dac1903fac7285d4c6f058c683f", size = 5555869, upload-time = "2026-08-21T06:09:00.783Z" },
    { url = "https://files.pythonhosted.org/packages/b8/70/504780417319a626fe9549a7e6f9020a3d448eddf8a09617238a3426e90c/pyqwest-0.10.0-cp314-cp314t-musllinux_1_2_aarch64.whl", hash = "sha256:559674a98a8b1217e1830ecd41c9905bf2b60983c6b8017063dfac199f00727c", size = 5793738, upload-time = "2026-08-21T06:09:03.324Z" },
    { url = "https://files.pythonhosted.org/packages/45/f7/8d0a5b8a3289f4300dc9005ebde75d316f2371a2671617f942036337731a/pyqwest-0.10.0-cp314-cp314t-musllinux_1_2_x86_64.whl", hash = "sha256:f399a696392fff3db3eef0a18ef65b8a3b8396d129193487d966b8eb11006376", size = 5972889, upload-time = "2026-08-21T06:09:05.2Z" },
    { url = "https://files.pythonhosted.org/packages/89/c4/f4c781e475c451cb5f4762a2f814a1750ef375b8db4db09bb2dcea03c4e5/pyqwest-0.10.0-cp314-cp314t-win_amd64.whl", hash = "sha256:0f9163d6dd991bf1bf27308ba38ba021af660b15fffa47ebca98e41cf6f00309", size = 4858036, upload-time = "2026-08-21T06:09:06.926Z" },
    { url = "https://files.pythonhosted.org/packages/7a/6f/29f605665f33aab894db8daf11b3b64bdca015fb11135815c53a150191a6/pyqwest-0.10.0-pp311-pypy311_pp73-macosx_10_12_x86_64.whl", hash = "sha256:cfcc7ba0229baa17831582befb046ace167b368140dae022d0b89b8d586ba12c", size = 5264903, upload-time = "2026-08-21T06:09:09.183Z" },
    { url = "https://files.pythonhosted.org/packages/c8/c8/4ce4b40f21397a6482da910fae18b32c28dcdaddf3498aef2fe38597a9e0/pyqwest-0.10.0-pp311-pypy311_pp73-macosx_11_0_arm64.whl", hash = "sha256:eff9ccf427604d34c635954def07b6113d4754f968073eef2df40bdb80b05bf5", size = 5142291, upload-time = "2026-08-21T06:09:10.943Z" },
    { url = "https://files.pythonhosted.org/packages/41/34/7205db9cddc5a2286da459ca013af629e20f09498751c60093b952379add/pyqwest-0.10.0-pp311-pypy311_pp73-manylinux_2_17_aarch64.manylinux2014_aarch64.whl", hash = "sha256:78662158093f9d5c742368f4dd9956aa595f44c6ac0860777c98853ddd5e1610", size = 5648118, upload-time = "2026-08-21T06:09:12.616Z" },
    { url = "https://files.pythonhosted.org/packages/1e/94/75c6cd5d01cf68c99c0cfd66b165dce3fd9d9fce97cd4973117cab68355d/pyqwest-0.10.0-pp311-pypy311_pp73-manylinux_2_17_x86_64.manylinux2014_x86_64.whl", hash = "sha256:0879a3f0b37876372aa328b9fee956165db174c1ab72464146fe515f49399ddb", size = 5565620, upload-time = "2026-08-21T06:09:14.223Z" },
    { url = "https://files.pythonhosted.org/packages/7a/a6/20a910d2f096908cf25ec47fa84b35b1bbb1af63dc9713f53f38ed97802e/pyqwest-0.10.0-pp311-pypy311_pp73-musllinux_1_2_aarch64.whl", hash = "sha256:850b8de6ade09a60bdb2f969871a177c2c304b594b2034ba3f5962c7bea75551", size = 5809262, upload-time = "2026-08-21T06:09:15.897Z" },
    { url = "https://files.pythonhosted.org/packages/e4/f7/f92fe4004d93f08c5118e750feefdbc72a73438b7fd7083300728e999911/pyqwest-0.10.0-pp311-pypy311_pp73-musllinux_1_2_x86_64.whl", hash = "sha256:399802647ea646c6ac9b5460e541b7c209b7a13563c667b2690ded2060185f2e", size = 5985550, upload-time = "2026-08-21T06:09:17.579Z" },
    { url = "https://files.pythonhosted.org/packages/47/3e/2c896e54dbe3f1ba6e3bd10e9d412f422a2e33827ff591d59f67b13e0fa5/pyqwest-0.10.0-pp311-pypy311_pp73-win_amd64.whl", hash = "sha256:c26f3de1feb5d066d7a66802a47407a93ba043696064ad80beda4a0a4bf10056", size = 4873529, upload-time = "2026-08-21T06:09:19.161Z" },
]

[[package]]
name = "python-dateutil"
version = "2.9.0.post0"
source = { registry = "https://pypi.org/simple" }
dependencies = [
    { name = "six" },
]
sdist = { url = "https://files.pythonhosted.org/packages/66/c0/0c8b6ad9f17a802ee498c46e004a0eb49bc148f2fd230864601a86dcf6db/python-dateutil-2.9.0.post0.tar.gz", hash = "sha256:37dd54208da7e1cd875388217d5e00ebd4179249f90fb72437e91a35459a0ad3", size = 342432, upload-time = "2024-03-01T18:36:20.211Z" }
wheels = [
    { url = "https://files.pythonhosted.org/packages/ec/57/56b9bcc3c9c6a792fcbaf139543cee77261f3651ca9da0c93f5c1221264b/python_dateutil-2.9.0.post0-py2.py3-none-any.whl", hash = "sha256:a8b2bc7bffae282281c8140a97d3aa9c14da0b136dfe83f850eea9a5f7470427", size = 229892, upload-time = "2024-03-01T18:36:18.57Z" },
]

[[package]]
name = "python-dotenv"
version = "1.2.3"
source = { registry = "https://pypi.org/simple" }
sdist = { url = "https://files.pythonhosted.org/packages/6a/53/ed9d74092561d4b01a2ef1349d52cdbc135e526c245f366b089cfca6de49/python_dotenv-1.2.3.tar.gz", hash = "sha256:a20a594dabeaa385725aa239d5244871c143ecb356add8a20fcf23773a6c3a35", size = 58945, upload-time = "2026-08-16T16:54:54.067Z" }
wheels = [
    { url = "https://files.pythonhosted.org/packages/0d/17/c5c6b53ddc18f297992099b3d9ec16c855c0ccc83263a21fe4d1c625ec6c/python_dotenv-1.2.3-py3-none-any.whl", hash = "sha256:904552145e8bfed22162c09dab1c2b9b54fefa7b23ba780f4f26ca0316b0f0d9", size = 22780, upload-time = "2026-08-16T16:54:52.473Z" },
]

[[package]]
name = "rich"
version = "15.0.0"
source = { registry = "https://pypi.org/simple" }
dependencies = [
    { name = "markdown-it-py" },
    { name = "pygments" },
]
sdist = { url = "https://files.pythonhosted.org/packages/c0/8f/0722ca900cc807c13a6a0c696dacf35430f72e0ec571c4275d2371fca3e9/rich-15.0.0.tar.gz", hash = "sha256:edd07a4824c6b40189fb7ac9bc4c52536e9780fbbfbddf6f1e2502c31b068c36", size = 230680, upload-time = "2026-04-12T08:24:00.75Z" }
wheels = [
    { url = "https://files.pythonhosted.org/packages/82/3b/64d4899d73f91ba49a8c18a8ff3f0ea8f1c1d75481760df8c68ef5235bf5/rich-15.0.0-py3-none-any.whl", hash = "sha256:33bd4ef74232fb73fe9279a257718407f169c09b78a87ad3d296f548e27de0bb", size = 310654, upload-time = "2026-04-12T08:24:02.83Z" },
]

[[package]]
name = "six"
version = "1.17.0"
source = { registry = "https://pypi.org/simple" }
sdist = { url = "https://files.pythonhosted.org/packages/94/e7/b2c673351809dca68a0e064b6af791aa332cf192da575fd474ed7d6f16a2/six-1.17.0.tar.gz", hash = "sha256:ff70335d468e7eb6ec65b95b99d3a2836546063f63acc5171de367e834932a81", size = 34031, upload-time = "2024-12-04T17:35:28.174Z" }
wheels = [
    { url = "https://files.pythonhosted.org/packages/b7/ce/149a00dd41f10bc29e5921b496af8b574d8413afcd5e30dfa0ed46c2cc5e/six-1.17.0-py2.py3-none-any.whl", hash = "sha256:4721f391ed90541fddacab5acf947aa0d3dc7d27b2e1e8eda2be8970586c3274", size = 11050, upload-time = "2024-12-04T17:35:26.475Z" },
]

[[package]]
name = "typing-extensions"
version = "4.16.0"
source = { registry = "https://pypi.org/simple" }
sdist = { url = "https://files.pythonhosted.org/packages/f6/cc/6253133b5bb138fc3306cebfbda2c520f545d36b5be2c7255cc528bb45d6/typing_extensions-4.16.0.tar.gz", hash = "sha256:dc983d19a509c94dba722ee6abd33940f7c05a89e243c47e907eb4db6f1a43e5", size = 113555, upload-time = "2026-07-02T08:40:05.92Z" }
wheels = [
    { url = "https://files.pythonhosted.org/packages/49/d3/b8441a820a491ddfc024b0b0cf0393375b75ea13866d9c66727e54c2fc80/typing_extensions-4.16.0-py3-none-any.whl", hash = "sha256:481caa481374e813c1b176ada14e97f1f67a4539ce9cfeb3f350d78d6370c2e8", size = 45571, upload-time = "2026-07-02T08:40:04.659Z" },
]

[[package]]
name = "wcmatch"
version = "11.0.1"
source = { registry = "https://pypi.org/simple" }
dependencies = [
    { name = "bracex" },
]
sdist = { url = "https://files.pythonhosted.org/packages/57/43/30e407989e313677dbb9d5f045f966549a7254834571e342eaa4b55cc67b/wcmatch-11.0.1.tar.gz", hash = "sha256:1ea2b4fa678b8ca268253798d5963935df39132d47c3e241c0a0732224005e7d", size = 144662, upload-time = "2026-08-14T15:20:40.477Z" }
wheels = [
    { url = "https://files.pythonhosted.org/packages/ce/77/7a02b0f05b3ffcdbef9719ce3ee0b508d6a29b58e95299f1580055671db3/wcmatch-11.0.1-py3-none-any.whl", hash = "sha256:fd149ecddb9f0a88ea780017d6dde17c994e494e7f7303d4e3c9d6251f978f4b", size = 43449, upload-time = "2026-08-14T15:20:39.379Z" },
]
